
Microsoft Visual Studio Solution File, Format Version 11.00
# Visual Studio 2010
Project("{FAE04EC0-301F-11D3-BF4B-00C04F79EFBC}") = "GeoAPI.MonoDroid", "GeoAPI\GeoAPI.MonoDroid\GeoAPI.MonoDroid.csproj", "{897A3D5B-501C-49BB-9037-793B957C06A0}"
EndProject
Project("{FAE04EC0-301F-11D3-BF4B-00C04F79EFBC}") = "PowerCollections.MonoDroid", "PowerCollections\PowerCollections.MonoDroid\PowerCollections.MonoDroid.csproj", "{72D7CE87-70A8-41DD-810F-BF959F31DB61}"
EndProject
Project("{FAE04EC0-301F-11D3-BF4B-00C04F79EFBC}") = "NetTopologySuite.MonoDroid", "MonoDroid\NetTopologySuite\NetTopologySuite.MonoDroid.csproj", "{11A3E3C2-CA59-4B5A-82A5-6BDF267540F9}"
EndProject
Global
	GlobalSection(SolutionConfigurationPlatforms) = preSolution
		Debug|Any CPU = Debug|Any CPU
		Release|Any CPU = Release|Any CPU
	EndGlobalSection
	GlobalSection(ProjectConfigurationPlatforms) = postSolution
		{11A3E3C2-CA59-4B5A-82A5-6BDF267540F9}.Debug|Any CPU.ActiveCfg = Debug|Any CPU
		{11A3E3C2-CA59-4B5A-82A5-6BDF267540F9}.Debug|Any CPU.Build.0 = Debug|Any CPU
		{11A3E3C2-CA59-4B5A-82A5-6BDF267540F9}.Release|Any CPU.ActiveCfg = Release|Any CPU
		{11A3E3C2-CA59-4B5A-82A5-6BDF267540F9}.Release|Any CPU.Build.0 = Release|Any CPU
		{72D7CE87-70A8-41DD-810F-BF959F31DB61}.Debug|Any CPU.ActiveCfg = Debug|Any CPU
		{72D7CE87-70A8-41DD-810F-BF959F31DB61}.Debug|Any CPU.Build.0 = Debug|Any CPU
		{72D7CE87-70A8-41DD-810F-BF959F31DB61}.Release|Any CPU.ActiveCfg = Release|Any CPU
		{72D7CE87-70A8-41DD-810F-BF959F31DB61}.Release|Any CPU.Build.0 = Release|Any CPU
		{897A3D5B-501C-49BB-9037-793B957C06A0}.Debug|Any CPU.ActiveCfg = Debug|Any CPU
		{897A3D5B-501C-49BB-9037-793B957C06A0}.Debug|Any CPU.Build.0 = Debug|Any CPU
		{897A3D5B-501C-49BB-9037-793B957C06A0}.Release|Any CPU.ActiveCfg = Release|Any CPU
		{897A3D5B-501C-49BB-9037-793B957C06A0}.Release|Any CPU.Build.0 = Release|Any CPU
		{7877B851-89A9-4AEA-888C-37E40B3E9D6E}.Debug|Any CPU.ActiveCfg = Debug|Any CPU
		{7877B851-89A9-4AEA-888C-37E40B3E9D6E}.Debug|Any CPU.Build.0 = Debug|Any CPU
		{7877B851-89A9-4AEA-888C-37E40B3E9D6E}.Release|Any CPU.ActiveCfg = Release|Any CPU
		{7877B851-89A9-4AEA-888C-37E40B3E9D6E}.Release|Any CPU.Build.0 = Release|Any CPU
	EndGlobalSection
	GlobalSection(MonoDevelopProperties) = preSolution
		StartupItem = GeoAPI\GeoAPI.MonoDroid\GeoAPI.MonoDroid.csproj
	EndGlobalSection
EndGlobal
