
Microsoft Visual Studio Solution File, Format Version 9.00
# Visual Studio 2005
Project("{FAE04EC0-301F-11D3-BF4B-00C04F79EFBC}") = "NetTopologySuite", "NetTopologySuite\NetTopologySuite.csproj", "{5770DAA9-84E5-4770-AF43-F6B815894368}"
EndProject
Project("{2150E333-8FDC-42A3-9474-1A3956D46DE8}") = "Solution Items", "Solution Items", "{A11130E8-4942-432A-97B7-ADEEFB34A977}"
	ProjectSection(SolutionItems) = preProject
		NetTopologySuite.CoordinateSystems\SRID.csv = NetTopologySuite.CoordinateSystems\SRID.csv
	EndProjectSection
EndProject
Project("{2150E333-8FDC-42A3-9474-1A3956D46DE8}") = "test", "test", "{00FBE9E2-537E-4FB8-AE9A-D3D04B44F946}"
	ProjectSection(SolutionItems) = preProject
		test\Default.xml = test\Default.xml
		test\Other.xml = test\Other.xml
	EndProjectSection
EndProject
Project("{2150E333-8FDC-42A3-9474-1A3956D46DE8}") = "vivid", "vivid", "{85AD64F4-6DCF-4EF0-9C05-22F8066F21CC}"
	ProjectSection(SolutionItems) = preProject
		test\vivid\TestBoundary.xml = test\vivid\TestBoundary.xml
		test\vivid\TestCentroid.xml = test\vivid\TestCentroid.xml
		test\vivid\TestConvexHull-big.xml = test\vivid\TestConvexHull-big.xml
		test\vivid\TestConvexHull.xml = test\vivid\TestConvexHull.xml
		test\vivid\TestFunctionAA.xml = test\vivid\TestFunctionAA.xml
		test\vivid\TestFunctionAAPrec.xml = test\vivid\TestFunctionAAPrec.xml
		test\vivid\TestFunctionLA.xml = test\vivid\TestFunctionLA.xml
		test\vivid\TestFunctionLAPrec.xml = test\vivid\TestFunctionLAPrec.xml
		test\vivid\TestFunctionLL.xml = test\vivid\TestFunctionLL.xml
		test\vivid\TestFunctionLLPrec.xml = test\vivid\TestFunctionLLPrec.xml
		test\vivid\TestFunctionPA.xml = test\vivid\TestFunctionPA.xml
		test\vivid\TestFunctionPL.xml = test\vivid\TestFunctionPL.xml
		test\vivid\TestFunctionPLPrec.xml = test\vivid\TestFunctionPLPrec.xml
		test\vivid\TestFunctionPP.xml = test\vivid\TestFunctionPP.xml
		test\vivid\TestInteriorPoint.xml = test\vivid\TestInteriorPoint.xml
		test\vivid\TestRectanglePredicate.xml = test\vivid\TestRectanglePredicate.xml
		test\vivid\TestRelateAA.xml = test\vivid\TestRelateAA.xml
		test\vivid\TestRelateAC.xml = test\vivid\TestRelateAC.xml
		test\vivid\TestRelateLA.xml = test\vivid\TestRelateLA.xml
		test\vivid\TestRelateLC.xml = test\vivid\TestRelateLC.xml
		test\vivid\TestRelateLL.xml = test\vivid\TestRelateLL.xml
		test\vivid\TestRelatePA.xml = test\vivid\TestRelatePA.xml
		test\vivid\TestRelatePL.xml = test\vivid\TestRelatePL.xml
		test\vivid\TestRelatePP.xml = test\vivid\TestRelatePP.xml
		test\vivid\TestSimple.xml = test\vivid\TestSimple.xml
		test\vivid\TestValid.xml = test\vivid\TestValid.xml
		test\vivid\TestValid2-big.xml = test\vivid\TestValid2-big.xml
		test\vivid\TestValid2.xml = test\vivid\TestValid2.xml
		test\vivid\TestWithinDistance.xml = test\vivid\TestWithinDistance.xml
	EndProjectSection
EndProject
Project("{2150E333-8FDC-42A3-9474-1A3956D46DE8}") = "robust", "robust", "{D47CA03D-35C0-48A1-9B78-844C25649EF4}"
	ProjectSection(SolutionItems) = preProject
		test\robust\TestRobustOverlayFixed.xml = test\robust\TestRobustOverlayFixed.xml
		test\robust\TestRobustOverlayFloat.xml = test\robust\TestRobustOverlayFloat.xml
		test\robust\TestRobustRelate.xml = test\robust\TestRobustRelate.xml
	EndProjectSection
EndProject
Project("{2150E333-8FDC-42A3-9474-1A3956D46DE8}") = "validate", "validate", "{8263ABBD-A8BD-472F-96D2-1E183505E34C}"
	ProjectSection(SolutionItems) = preProject
		test\validate\TestRelateAA-big.xml = test\validate\TestRelateAA-big.xml
		test\validate\TestRelateAA.xml = test\validate\TestRelateAA.xml
		test\validate\TestRelateAC.xml = test\validate\TestRelateAC.xml
		test\validate\TestRelateLA.xml = test\validate\TestRelateLA.xml
		test\validate\TestRelateLC.xml = test\validate\TestRelateLC.xml
		test\validate\TestRelateLL.xml = test\validate\TestRelateLL.xml
		test\validate\TestRelatePA.xml = test\validate\TestRelatePA.xml
		test\validate\TestRelatePL.xml = test\validate\TestRelatePL.xml
		test\validate\TestRelatePP.xml = test\validate\TestRelatePP.xml
	EndProjectSection
EndProject
Project("{2150E333-8FDC-42A3-9474-1A3956D46DE8}") = "shapefiles", "shapefiles", "{A148E8DD-1222-4471-B2CC-77BF5446CF60}"
	ProjectSection(SolutionItems) = preProject
		Shapefiles\a.dbf = Shapefiles\a.dbf
		Shapefiles\a.prj = Shapefiles\a.prj
		Shapefiles\a.sbn = Shapefiles\a.sbn
		Shapefiles\a.sbx = Shapefiles\a.sbx
		Shapefiles\a.shp = Shapefiles\a.shp
		Shapefiles\a.shp.xml = Shapefiles\a.shp.xml
		Shapefiles\a.shx = Shapefiles\a.shx
		Shapefiles\arc.dbf = Shapefiles\arc.dbf
		Shapefiles\arc.shp = Shapefiles\arc.shp
		Shapefiles\arc.shx = Shapefiles\arc.shx
		Shapefiles\b.dbf = Shapefiles\b.dbf
		Shapefiles\b.prj = Shapefiles\b.prj
		Shapefiles\b.sbn = Shapefiles\b.sbn
		Shapefiles\b.sbx = Shapefiles\b.sbx
		Shapefiles\b.shp = Shapefiles\b.shp
		Shapefiles\b.shp.xml = Shapefiles\b.shp.xml
		Shapefiles\b.shx = Shapefiles\b.shx
		Shapefiles\BJmultipolygon.dbf = Shapefiles\BJmultipolygon.dbf
		Shapefiles\BJmultipolygon.sbn = Shapefiles\BJmultipolygon.sbn
		Shapefiles\BJmultipolygon.sbx = Shapefiles\BJmultipolygon.sbx
		Shapefiles\BJmultipolygon.shp = Shapefiles\BJmultipolygon.shp
		Shapefiles\crustal_test.dbf = Shapefiles\crustal_test.dbf
		Shapefiles\crustal_test.shp = Shapefiles\crustal_test.shp
		Shapefiles\crustal_test.shx = Shapefiles\crustal_test.shx
		Shapefiles\crustal_test3d.dbf = Shapefiles\crustal_test3d.dbf
		Shapefiles\crustal_test3d.shp = Shapefiles\crustal_test3d.shp
		Shapefiles\crustal_test3d.shx = Shapefiles\crustal_test3d.shx
		Shapefiles\crustal_test_bugged.dbf = Shapefiles\crustal_test_bugged.dbf
		Shapefiles\crustal_test_bugged.shp = Shapefiles\crustal_test_bugged.shp
		Shapefiles\crustal_test_bugged.shx = Shapefiles\crustal_test_bugged.shx
		Shapefiles\date.dbf = Shapefiles\date.dbf
		Shapefiles\date.shp = Shapefiles\date.shp
		Shapefiles\date.shx = Shapefiles\date.shx
		Shapefiles\Strade.dbf = Shapefiles\Strade.dbf
		Shapefiles\Strade.shp = Shapefiles\Strade.shp
		Shapefiles\Strade.shx = Shapefiles\Strade.shx
		Shapefiles\temp.gml = Shapefiles\temp.gml
		Shapefiles\tnp_arc.dbf = Shapefiles\tnp_arc.dbf
		Shapefiles\tnp_arc.shp = Shapefiles\tnp_arc.shp
		Shapefiles\tnp_arc.shx = Shapefiles\tnp_arc.shx
		Shapefiles\tnp_multipoint.dbf = Shapefiles\tnp_multipoint.dbf
		Shapefiles\tnp_multipoint.shp = Shapefiles\tnp_multipoint.shp
		Shapefiles\tnp_multipoint.shx = Shapefiles\tnp_multipoint.shx
		Shapefiles\tnp_pol.dbf = Shapefiles\tnp_pol.dbf
		Shapefiles\tnp_pol.shp = Shapefiles\tnp_pol.shp
		Shapefiles\tnp_pol.shx = Shapefiles\tnp_pol.shx
		Shapefiles\tnp_pts.dbf = Shapefiles\tnp_pts.dbf
		Shapefiles\tnp_pts.shp = Shapefiles\tnp_pts.shp
		Shapefiles\tnp_pts.shx = Shapefiles\tnp_pts.shx
		Shapefiles\Zone_ISTAT.dbf = Shapefiles\Zone_ISTAT.dbf
		Shapefiles\Zone_ISTAT.shp = Shapefiles\Zone_ISTAT.shp
		Shapefiles\Zone_ISTAT.shx = Shapefiles\Zone_ISTAT.shx
	EndProjectSection
EndProject
Project("{2150E333-8FDC-42A3-9474-1A3956D46DE8}") = "blob", "blob", "{A535F234-5A40-4084-A269-C8E46C963062}"
	ProjectSection(SolutionItems) = preProject
		Shapefiles\blob\blob = Shapefiles\blob\blob
		Shapefiles\blob\queries.txt = Shapefiles\blob\queries.txt
		Shapefiles\blob\wkb_blob.jpg = Shapefiles\blob\wkb_blob.jpg
		Shapefiles\blob\wkt.JPG = Shapefiles\blob\wkt.JPG
	EndProjectSection
EndProject
Project("{FAE04EC0-301F-11D3-BF4B-00C04F79EFBC}") = "NetTopologySuite.CoordinateSystems", "NetTopologySuite.CoordinateSystems\NetTopologySuite.CoordinateSystems.csproj", "{E028BDD2-55E1-4E5F-BE31-35FAEC8D6428}"
EndProject
Global
	GlobalSection(SolutionConfigurationPlatforms) = preSolution
		Bug|Any CPU = Bug|Any CPU
		Debug|Any CPU = Debug|Any CPU
		Release|Any CPU = Release|Any CPU
	EndGlobalSection
	GlobalSection(ProjectConfigurationPlatforms) = postSolution
		{5770DAA9-84E5-4770-AF43-F6B815894368}.Bug|Any CPU.ActiveCfg = Release|Any CPU
		{5770DAA9-84E5-4770-AF43-F6B815894368}.Bug|Any CPU.Build.0 = Release|Any CPU
		{5770DAA9-84E5-4770-AF43-F6B815894368}.Debug|Any CPU.ActiveCfg = Debug|Any CPU
		{5770DAA9-84E5-4770-AF43-F6B815894368}.Debug|Any CPU.Build.0 = Debug|Any CPU
		{5770DAA9-84E5-4770-AF43-F6B815894368}.Release|Any CPU.ActiveCfg = Release|Any CPU
		{5770DAA9-84E5-4770-AF43-F6B815894368}.Release|Any CPU.Build.0 = Release|Any CPU
		{E028BDD2-55E1-4E5F-BE31-35FAEC8D6428}.Bug|Any CPU.ActiveCfg = Release|Any CPU
		{E028BDD2-55E1-4E5F-BE31-35FAEC8D6428}.Bug|Any CPU.Build.0 = Release|Any CPU
		{E028BDD2-55E1-4E5F-BE31-35FAEC8D6428}.Debug|Any CPU.ActiveCfg = Debug|Any CPU
		{E028BDD2-55E1-4E5F-BE31-35FAEC8D6428}.Debug|Any CPU.Build.0 = Debug|Any CPU
		{E028BDD2-55E1-4E5F-BE31-35FAEC8D6428}.Release|Any CPU.ActiveCfg = Release|Any CPU
		{E028BDD2-55E1-4E5F-BE31-35FAEC8D6428}.Release|Any CPU.Build.0 = Release|Any CPU
	EndGlobalSection
	GlobalSection(SolutionProperties) = preSolution
		HideSolutionNode = FALSE
	EndGlobalSection
	GlobalSection(NestedProjects) = preSolution
		{00FBE9E2-537E-4FB8-AE9A-D3D04B44F946} = {A11130E8-4942-432A-97B7-ADEEFB34A977}
		{A148E8DD-1222-4471-B2CC-77BF5446CF60} = {A11130E8-4942-432A-97B7-ADEEFB34A977}
		{85AD64F4-6DCF-4EF0-9C05-22F8066F21CC} = {00FBE9E2-537E-4FB8-AE9A-D3D04B44F946}
		{D47CA03D-35C0-48A1-9B78-844C25649EF4} = {00FBE9E2-537E-4FB8-AE9A-D3D04B44F946}
		{8263ABBD-A8BD-472F-96D2-1E183505E34C} = {00FBE9E2-537E-4FB8-AE9A-D3D04B44F946}
		{A535F234-5A40-4084-A269-C8E46C963062} = {A148E8DD-1222-4471-B2CC-77BF5446CF60}
	EndGlobalSection
EndGlobal
