
Microsoft Visual Studio Solution File, Format Version 11.00
# Visual Studio 2010
Project("{2150E333-8FDC-42A3-9474-1A3956D46DE8}") = "Solution Items", "Solution Items", "{A11130E8-4942-432A-97B7-ADEEFB34A977}"
	ProjectSection(SolutionItems) = preProject
		GeoAPI\GeoAPI.nuspec = GeoAPI\GeoAPI.nuspec
		LocalTestRun.testrunconfig = LocalTestRun.testrunconfig
		NetTopologySuite.vsmdi = NetTopologySuite.vsmdi
		NTS.IO.nuspec = NTS.IO.nuspec
		NTS.nuspec = NTS.nuspec
	EndProjectSection
EndProject
Project("{FAE04EC0-301F-11D3-BF4B-00C04F79EFBC}") = "NetTopologySuite", "NetTopologySuite\NetTopologySuite.csproj", "{5770DAA9-84E5-4770-AF43-F6B815894368}"
EndProject
Project("{FAE04EC0-301F-11D3-BF4B-00C04F79EFBC}") = "NetTopologySuite.Samples.Console", "NetTopologySuite.Samples.Console\NetTopologySuite.Samples.Console.csproj", "{39E8A390-5304-4447-99E2-3810941824AD}"
EndProject
Project("{FAE04EC0-301F-11D3-BF4B-00C04F79EFBC}") = "NetTopologySuite.TestRunner", "NetTopologySuite.TestRunner\NetTopologySuite.TestRunner.csproj", "{13669184-2446-404F-8894-5E20B6C3FCC6}"
EndProject
Project("{FAE04EC0-301F-11D3-BF4B-00C04F79EFBC}") = "NetTopologySuite.TestRunner.Console", "NetTopologySuite.TestRunner.Console\NetTopologySuite.TestRunner.Console.csproj", "{85945EF0-2BD4-42C1-A934-C3485FCE9021}"
EndProject
Project("{FAE04EC0-301F-11D3-BF4B-00C04F79EFBC}") = "NetTopologySuite.Tests.Vivid.XUnit", "NetTopologySuite.Tests.Vivid.XUnit\NetTopologySuite.Tests.Vivid.XUnit.csproj", "{D78F2066-2CB6-4AE0-ADAC-CF011B5083E8}"
EndProject
Project("{FAE04EC0-301F-11D3-BF4B-00C04F79EFBC}") = "NetTopologySuite.Windows.Forms", "NetTopologySuite.Windows.Forms\NetTopologySuite.Windows.Forms.csproj", "{DB5EFAB5-F90A-4B64-AB99-7C3A750154F1}"
EndProject
Project("{FAE04EC0-301F-11D3-BF4B-00C04F79EFBC}") = "Test.NetTopologySuite.Windows.Forms", "NetTopologySuite.Windows.Forms\Test\Test.NetTopologySuite.Windows.Forms.csproj", "{AF47B26F-5EB8-4514-AEBF-FDD22244F5B1}"
EndProject
Project("{FAE04EC0-301F-11D3-BF4B-00C04F79EFBC}") = "NetTopologySuite.Tests.NUnit", "NetTopologySuite.Tests.NUnit\NetTopologySuite.Tests.NUnit.csproj", "{A1525C90-FA00-449D-B3C4-CBA45D5E916C}"
EndProject
Project("{FAE04EC0-301F-11D3-BF4B-00C04F79EFBC}") = "GeoAPI", "GeoAPI\GeoAPI\GeoAPI.csproj", "{FFB69466-79DE-466A-ADA7-5C47C5C5CA3A}"
EndProject
Project("{2150E333-8FDC-42A3-9474-1A3956D46DE8}") = "Silverlight", "Silverlight", "{0D0E64CD-73D1-4C5F-AADA-965464C91A39}"
EndProject
Project("{FAE04EC0-301F-11D3-BF4B-00C04F79EFBC}") = "GeoAPI.Silverlight", "GeoAPI\GeoAPI.Silverlight\GeoAPI.Silverlight.csproj", "{9B913337-1114-4D05-8F24-D05A5FD588AD}"
EndProject
Project("{FAE04EC0-301F-11D3-BF4B-00C04F79EFBC}") = "NetTopologySuite.Silverlight", "Silverlight\NetTopologySuite\NetTopologySuite.Silverlight.csproj", "{71FAD7D8-11F5-444B-B9F9-D2EFF68C8F26}"
EndProject
Project("{FAE04EC0-301F-11D3-BF4B-00C04F79EFBC}") = "NetTopologySuite.Data.Silverlight", "Silverlight\NetTopologySuite.Data\NetTopologySuite.Data.Silverlight.csproj", "{4283DC66-9A93-4EBF-9D9A-EC5C6866604E}"
EndProject
Project("{FAE04EC0-301F-11D3-BF4B-00C04F79EFBC}") = "NetTopologySuite.Encodings.Silverlight", "Silverlight\NetTopologySuite.Encodings\NetTopologySuite.Encodings.Silverlight.csproj", "{C7FA023B-0259-47C4-8051-EE7EB639DD39}"
EndProject
Project("{FAE04EC0-301F-11D3-BF4B-00C04F79EFBC}") = "NetTopologySuite.Silverlight.Test", "Silverlight\NetTopologySuite.Test\NetTopologySuite.Silverlight.Test.csproj", "{0A5A2807-4D6A-4C1D-B492-9278D9C942C2}"
EndProject
Project("{FAE04EC0-301F-11D3-BF4B-00C04F79EFBC}") = "NetTopologySuite.Silverlight.Test.Web", "Silverlight\NetTopologySuite.Test.Web\NetTopologySuite.Silverlight.Test.Web.csproj", "{D7E5589E-E767-47D7-B614-06CC020ED4AC}"
EndProject
Project("{FAE04EC0-301F-11D3-BF4B-00C04F79EFBC}") = "NetTopologySuite.Shapefile.Silverlight", "Silverlight\NetTopologySuite.IO.Shapefile\NetTopologySuite.Shapefile.Silverlight.csproj", "{A1CD501C-D498-41C7-91E3-276E2BEEA867}"
EndProject
Project("{2150E333-8FDC-42A3-9474-1A3956D46DE8}") = "NetTopologySuite.IO", "NetTopologySuite.IO", "{54E50C1C-BB10-4DDC-86BD-CA29FB91A89E}"
EndProject
Project("{FAE04EC0-301F-11D3-BF4B-00C04F79EFBC}") = "NetTopologySuite.IO.PostGis", "NetTopologySuite.IO\NetTopologySuite.IO.PostGis\NetTopologySuite.IO.PostGis.csproj", "{7505264F-7E3E-4F8D-A9D5-885B4F313C26}"
EndProject
Project("{FAE04EC0-301F-11D3-BF4B-00C04F79EFBC}") = "NetTopologySuite.IO.Oracle", "NetTopologySuite.IO\NetTopologySuite.IO.Oracle\NetTopologySuite.IO.Oracle.csproj", "{05EF5AD0-ABF0-4F97-9C33-C69F0AF8DB51}"
EndProject
Project("{FAE04EC0-301F-11D3-BF4B-00C04F79EFBC}") = "NetTopologySuite.IO.MsSqlSpatial", "NetTopologySuite.IO\NetTopologySuite.IO.MsSqlSpatial\NetTopologySuite.IO.MsSqlSpatial.csproj", "{75BDB70A-AEB9-4592-9B5E-677D3D346A54}"
EndProject
Project("{FAE04EC0-301F-11D3-BF4B-00C04F79EFBC}") = "NetTopologySuite.IO.GeoTools", "NetTopologySuite.IO\NetTopologySuite.IO.GeoTools\NetTopologySuite.IO.GeoTools.csproj", "{21805958-869E-49F5-A4ED-0AC8599D62F0}"
EndProject
Project("{FAE04EC0-301F-11D3-BF4B-00C04F79EFBC}") = "NetTopologySuite.IO.ShapeFile", "NetTopologySuite.IO\NetTopologySuite.IO.ShapeFile\NetTopologySuite.IO.ShapeFile.csproj", "{AB9096A7-89DD-4ABD-B535-A5258863F389}"
EndProject
Project("{FAE04EC0-301F-11D3-BF4B-00C04F79EFBC}") = "NetTopologySuite.IO.GDB", "NetTopologySuite.IO\NetTopologySuite.IO.GDB\NetTopologySuite.IO.GDB.csproj", "{548166D9-DF64-46FB-9EEC-212C7B7E7D85}"
EndProject
Project("{2150E333-8FDC-42A3-9474-1A3956D46DE8}") = "DotSpatial", "DotSpatial", "{489ED983-F8DE-4879-B118-F94C55DA335F}"
EndProject
Project("{FAE04EC0-301F-11D3-BF4B-00C04F79EFBC}") = "DotSpatial.Projections.Wrapper", "NetTopologySuite.CoordinateSystems.Transfromation\DotSpatial.Projections.Wrapper\DotSpatial.Projections.Wrapper.csproj", "{08759323-B999-405B-8688-80008A4190B0}"
EndProject
Project("{2150E333-8FDC-42A3-9474-1A3956D46DE8}") = "Tests", "Tests", "{5AF10590-5E1C-4052-83C6-95C94B747195}"
	ProjectSection(SolutionItems) = preProject
		NetTopologySuite.TestRunner.Tests\Default.xml = NetTopologySuite.TestRunner.Tests\Default.xml
		NetTopologySuite.TestRunner.Tests\Other.xml = NetTopologySuite.TestRunner.Tests\Other.xml
	EndProjectSection
EndProject
Project("{FAE04EC0-301F-11D3-BF4B-00C04F79EFBC}") = "PowerCollections", "PowerCollections\PowerCollections\PowerCollections.csproj", "{5821977D-AC2C-4912-BCD0-6E6B1A756167}"
EndProject
Project("{FAE04EC0-301F-11D3-BF4B-00C04F79EFBC}") = "PowerCollections.Silverlight", "PowerCollections\PowerCollections.SL\PowerCollections.Silverlight.csproj", "{48808C52-FE5E-43BB-8ADD-197748552773}"
EndProject
Project("{FAE04EC0-301F-11D3-BF4B-00C04F79EFBC}") = "NetTopologySuite.Windows.Media", "NetTopologySuite.Windows.Media\NetTopologySuite.Windows.Media.csproj", "{AB09858E-BD48-498C-BB65-B90A5E5F9F26}"
EndProject
Project("{2150E333-8FDC-42A3-9474-1A3956D46DE8}") = "IO", "IO", "{976E7A90-291A-4F7D-BED9-B015F13DA474}"
EndProject
Project("{FAE04EC0-301F-11D3-BF4B-00C04F79EFBC}") = "NetTopologySuite.IO.GeoTools.SilverLight", "NetTopologySuite.IO\NetTopologySuite.IO.GeoTools.Silverlight\NetTopologySuite.IO.GeoTools.SilverLight.csproj", "{D1262B8E-2200-4E89-8ED5-1BF2BA0FDE7A}"
EndProject
Project("{FAE04EC0-301F-11D3-BF4B-00C04F79EFBC}") = "NetTopologySuite.IO.SqlServer2008", "NetTopologySuite.IO\NetTopologySuite.IO.SqlServer2008\NetTopologySuite.IO.SqlServer2008.csproj", "{8E6A486B-5418-4FE1-A14F-CF2F3B74D4E0}"
EndProject
Project("{FAE04EC0-301F-11D3-BF4B-00C04F79EFBC}") = "NetTopologySuite.IO.SpatiaLite", "NetTopologySuite.IO\NetTopologySuite.IO.SpatiaLite\NetTopologySuite.IO.SpatiaLite.csproj", "{AD33B357-E789-4102-8DC3-F18EEE507583}"
EndProject
Project("{FAE04EC0-301F-11D3-BF4B-00C04F79EFBC}") = "NetTopologySuite.IO.Tests", "NetTopologySuite.IO\NetTopologySuite.IO.Tests\NetTopologySuite.IO.Tests.csproj", "{B9C93F98-1667-40A2-B02F-90D5CE14121F}"
EndProject
Project("{FAE04EC0-301F-11D3-BF4B-00C04F79EFBC}") = "NetTopologySuite.IO.GeoJSON", "NetTopologySuite.IO\NetTopologySuite.IO.GeoJSON\NetTopologySuite.IO.GeoJSON.csproj", "{1583F1F7-7E7D-42EE-99F9-E072453BCE34}"
EndProject
Project("{2150E333-8FDC-42A3-9474-1A3956D46DE8}") = "NetTopologySuite.Tests", "NetTopologySuite.Tests", "{AAD516A6-0F6D-4FFE-881C-37D15A4702C5}"
EndProject
Project("{FAE04EC0-301F-11D3-BF4B-00C04F79EFBC}") = "ProjNET", "ProjNet\ProjNET.csproj", "{E028BDD2-55E1-4E5F-BE31-35FAEC8D6428}"
EndProject
Project("{2150E333-8FDC-42A3-9474-1A3956D46DE8}") = "WindowsPhone", "WindowsPhone", "{6B9ED8E2-F16D-456D-A42F-A2DE5A2E76E5}"
EndProject
Project("{FAE04EC0-301F-11D3-BF4B-00C04F79EFBC}") = "GeoAPI.WindowsPhone", "GeoAPI\GeoAPI.WindowsPhone\GeoAPI.WindowsPhone.csproj", "{9924F9BF-24A6-4C73-AB60-FAEE784F4327}"
EndProject
Project("{FAE04EC0-301F-11D3-BF4B-00C04F79EFBC}") = "PowerCollections.WindowsPhone", "PowerCollections\PowerCollections.WP\PowerCollections.WindowsPhone.csproj", "{D4C28EC9-4FAB-43AA-B063-96DCBAF44A30}"
EndProject
Project("{FAE04EC0-301F-11D3-BF4B-00C04F79EFBC}") = "NetTopologySuite.WindowsPhone", "WindowsPhone\NetTopologySuite\NetTopologySuite.WindowsPhone.csproj", "{56C111DE-CDB3-4228-8322-DFC9121175E6}"
EndProject
Project("{FAE04EC0-301F-11D3-BF4B-00C04F79EFBC}") = "NetTopologySuite.Converter.DotSpatial", "NetTopologySuite.Converter\NetTopologySuite.Converter.DotSpatial\NetTopologySuite.Converter.DotSpatial.csproj", "{3792E197-F5CD-46F9-811D-6EB6C3B10DEE}"
EndProject
Project("{FAE04EC0-301F-11D3-BF4B-00C04F79EFBC}") = "NetTopologySuite.Converter.Test", "NetTopologySuite.Converter\NetTopologySuite.Converter.Test\NetTopologySuite.Converter.Test.csproj", "{4F3B0BD4-9527-404A-AFF9-1E7356DC5FBF}"
EndProject
Project("{2150E333-8FDC-42A3-9474-1A3956D46DE8}") = "NetTopologySuite.Converter", "NetTopologySuite.Converter", "{7C3204B9-50E4-4322-B0DF-DCB241875FF4}"
EndProject
Project("{FAE04EC0-301F-11D3-BF4B-00C04F79EFBC}") = "NetTopologySuite.Windows.Media.Silverlight", "Silverlight\NetTopologySuite.Windows.Media\NetTopologySuite.Windows.Media.Silverlight.csproj", "{3200B789-34A9-42F7-8FCF-0908D09E1BBE}"
EndProject
Global
	GlobalSection(SubversionScc) = preSolution
		Svn-Managed = True
		Manager = AnkhSVN - Subversion Support for Visual Studio
	EndGlobalSection
	GlobalSection(TestCaseManagementSettings) = postSolution
		CategoryFile = NetTopologySuite.vsmdi
	EndGlobalSection
	GlobalSection(SolutionConfigurationPlatforms) = preSolution
		Debug|Any CPU = Debug|Any CPU
		Release|Any CPU = Release|Any CPU
	EndGlobalSection
	GlobalSection(ProjectConfigurationPlatforms) = postSolution
		{5770DAA9-84E5-4770-AF43-F6B815894368}.Debug|Any CPU.ActiveCfg = Debug|Any CPU
		{5770DAA9-84E5-4770-AF43-F6B815894368}.Debug|Any CPU.Build.0 = Debug|Any CPU
		{5770DAA9-84E5-4770-AF43-F6B815894368}.Release|Any CPU.ActiveCfg = Release|Any CPU
		{5770DAA9-84E5-4770-AF43-F6B815894368}.Release|Any CPU.Build.0 = Release|Any CPU
		{39E8A390-5304-4447-99E2-3810941824AD}.Debug|Any CPU.ActiveCfg = Debug|Any CPU
		{39E8A390-5304-4447-99E2-3810941824AD}.Debug|Any CPU.Build.0 = Debug|Any CPU
		{39E8A390-5304-4447-99E2-3810941824AD}.Release|Any CPU.ActiveCfg = Release|Any CPU
		{39E8A390-5304-4447-99E2-3810941824AD}.Release|Any CPU.Build.0 = Release|Any CPU
		{13669184-2446-404F-8894-5E20B6C3FCC6}.Debug|Any CPU.ActiveCfg = Debug|Any CPU
		{13669184-2446-404F-8894-5E20B6C3FCC6}.Debug|Any CPU.Build.0 = Debug|Any CPU
		{13669184-2446-404F-8894-5E20B6C3FCC6}.Release|Any CPU.ActiveCfg = Release|Any CPU
		{13669184-2446-404F-8894-5E20B6C3FCC6}.Release|Any CPU.Build.0 = Release|Any CPU
		{85945EF0-2BD4-42C1-A934-C3485FCE9021}.Debug|Any CPU.ActiveCfg = Debug|Any CPU
		{85945EF0-2BD4-42C1-A934-C3485FCE9021}.Debug|Any CPU.Build.0 = Debug|Any CPU
		{85945EF0-2BD4-42C1-A934-C3485FCE9021}.Release|Any CPU.ActiveCfg = Release|Any CPU
		{85945EF0-2BD4-42C1-A934-C3485FCE9021}.Release|Any CPU.Build.0 = Release|Any CPU
		{D78F2066-2CB6-4AE0-ADAC-CF011B5083E8}.Debug|Any CPU.ActiveCfg = Debug|Any CPU
		{D78F2066-2CB6-4AE0-ADAC-CF011B5083E8}.Debug|Any CPU.Build.0 = Debug|Any CPU
		{D78F2066-2CB6-4AE0-ADAC-CF011B5083E8}.Release|Any CPU.ActiveCfg = Release|Any CPU
		{D78F2066-2CB6-4AE0-ADAC-CF011B5083E8}.Release|Any CPU.Build.0 = Release|Any CPU
		{DB5EFAB5-F90A-4B64-AB99-7C3A750154F1}.Debug|Any CPU.ActiveCfg = Debug|Any CPU
		{DB5EFAB5-F90A-4B64-AB99-7C3A750154F1}.Debug|Any CPU.Build.0 = Debug|Any CPU
		{DB5EFAB5-F90A-4B64-AB99-7C3A750154F1}.Release|Any CPU.ActiveCfg = Release|Any CPU
		{DB5EFAB5-F90A-4B64-AB99-7C3A750154F1}.Release|Any CPU.Build.0 = Release|Any CPU
		{AF47B26F-5EB8-4514-AEBF-FDD22244F5B1}.Debug|Any CPU.ActiveCfg = Debug|Any CPU
		{AF47B26F-5EB8-4514-AEBF-FDD22244F5B1}.Debug|Any CPU.Build.0 = Debug|Any CPU
		{AF47B26F-5EB8-4514-AEBF-FDD22244F5B1}.Release|Any CPU.ActiveCfg = Release|Any CPU
		{AF47B26F-5EB8-4514-AEBF-FDD22244F5B1}.Release|Any CPU.Build.0 = Release|Any CPU
		{A1525C90-FA00-449D-B3C4-CBA45D5E916C}.Debug|Any CPU.ActiveCfg = Debug|Any CPU
		{A1525C90-FA00-449D-B3C4-CBA45D5E916C}.Debug|Any CPU.Build.0 = Debug|Any CPU
		{A1525C90-FA00-449D-B3C4-CBA45D5E916C}.Release|Any CPU.ActiveCfg = Release|Any CPU
		{A1525C90-FA00-449D-B3C4-CBA45D5E916C}.Release|Any CPU.Build.0 = Release|Any CPU
		{FFB69466-79DE-466A-ADA7-5C47C5C5CA3A}.Debug|Any CPU.ActiveCfg = Debug|Any CPU
		{FFB69466-79DE-466A-ADA7-5C47C5C5CA3A}.Debug|Any CPU.Build.0 = Debug|Any CPU
		{FFB69466-79DE-466A-ADA7-5C47C5C5CA3A}.Release|Any CPU.ActiveCfg = Release|Any CPU
		{FFB69466-79DE-466A-ADA7-5C47C5C5CA3A}.Release|Any CPU.Build.0 = Release|Any CPU
		{9B913337-1114-4D05-8F24-D05A5FD588AD}.Debug|Any CPU.ActiveCfg = Debug|Any CPU
		{9B913337-1114-4D05-8F24-D05A5FD588AD}.Debug|Any CPU.Build.0 = Debug|Any CPU
		{9B913337-1114-4D05-8F24-D05A5FD588AD}.Release|Any CPU.ActiveCfg = Release|Any CPU
		{9B913337-1114-4D05-8F24-D05A5FD588AD}.Release|Any CPU.Build.0 = Release|Any CPU
		{71FAD7D8-11F5-444B-B9F9-D2EFF68C8F26}.Debug|Any CPU.ActiveCfg = Debug|Any CPU
		{71FAD7D8-11F5-444B-B9F9-D2EFF68C8F26}.Debug|Any CPU.Build.0 = Debug|Any CPU
		{71FAD7D8-11F5-444B-B9F9-D2EFF68C8F26}.Release|Any CPU.ActiveCfg = Release|Any CPU
		{71FAD7D8-11F5-444B-B9F9-D2EFF68C8F26}.Release|Any CPU.Build.0 = Release|Any CPU
		{4283DC66-9A93-4EBF-9D9A-EC5C6866604E}.Debug|Any CPU.ActiveCfg = Debug|Any CPU
		{4283DC66-9A93-4EBF-9D9A-EC5C6866604E}.Debug|Any CPU.Build.0 = Debug|Any CPU
		{4283DC66-9A93-4EBF-9D9A-EC5C6866604E}.Release|Any CPU.ActiveCfg = Release|Any CPU
		{4283DC66-9A93-4EBF-9D9A-EC5C6866604E}.Release|Any CPU.Build.0 = Release|Any CPU
		{C7FA023B-0259-47C4-8051-EE7EB639DD39}.Debug|Any CPU.ActiveCfg = Debug|Any CPU
		{C7FA023B-0259-47C4-8051-EE7EB639DD39}.Debug|Any CPU.Build.0 = Debug|Any CPU
		{C7FA023B-0259-47C4-8051-EE7EB639DD39}.Release|Any CPU.ActiveCfg = Release|Any CPU
		{C7FA023B-0259-47C4-8051-EE7EB639DD39}.Release|Any CPU.Build.0 = Release|Any CPU
		{0A5A2807-4D6A-4C1D-B492-9278D9C942C2}.Debug|Any CPU.ActiveCfg = Debug|Any CPU
		{0A5A2807-4D6A-4C1D-B492-9278D9C942C2}.Debug|Any CPU.Build.0 = Debug|Any CPU
		{0A5A2807-4D6A-4C1D-B492-9278D9C942C2}.Release|Any CPU.ActiveCfg = Release|Any CPU
		{0A5A2807-4D6A-4C1D-B492-9278D9C942C2}.Release|Any CPU.Build.0 = Release|Any CPU
		{D7E5589E-E767-47D7-B614-06CC020ED4AC}.Debug|Any CPU.ActiveCfg = Debug|Any CPU
		{D7E5589E-E767-47D7-B614-06CC020ED4AC}.Debug|Any CPU.Build.0 = Debug|Any CPU
		{D7E5589E-E767-47D7-B614-06CC020ED4AC}.Release|Any CPU.ActiveCfg = Release|Any CPU
		{D7E5589E-E767-47D7-B614-06CC020ED4AC}.Release|Any CPU.Build.0 = Release|Any CPU
		{A1CD501C-D498-41C7-91E3-276E2BEEA867}.Debug|Any CPU.ActiveCfg = Debug|Any CPU
		{A1CD501C-D498-41C7-91E3-276E2BEEA867}.Debug|Any CPU.Build.0 = Debug|Any CPU
		{A1CD501C-D498-41C7-91E3-276E2BEEA867}.Release|Any CPU.ActiveCfg = Release|Any CPU
		{A1CD501C-D498-41C7-91E3-276E2BEEA867}.Release|Any CPU.Build.0 = Release|Any CPU
		{7505264F-7E3E-4F8D-A9D5-885B4F313C26}.Debug|Any CPU.ActiveCfg = Debug|Any CPU
		{7505264F-7E3E-4F8D-A9D5-885B4F313C26}.Debug|Any CPU.Build.0 = Debug|Any CPU
		{7505264F-7E3E-4F8D-A9D5-885B4F313C26}.Release|Any CPU.ActiveCfg = Release|Any CPU
		{7505264F-7E3E-4F8D-A9D5-885B4F313C26}.Release|Any CPU.Build.0 = Release|Any CPU
		{05EF5AD0-ABF0-4F97-9C33-C69F0AF8DB51}.Debug|Any CPU.ActiveCfg = Debug|Any CPU
		{05EF5AD0-ABF0-4F97-9C33-C69F0AF8DB51}.Release|Any CPU.ActiveCfg = Release|Any CPU
		{75BDB70A-AEB9-4592-9B5E-677D3D346A54}.Debug|Any CPU.ActiveCfg = Debug|Any CPU
		{75BDB70A-AEB9-4592-9B5E-677D3D346A54}.Debug|Any CPU.Build.0 = Debug|Any CPU
		{75BDB70A-AEB9-4592-9B5E-677D3D346A54}.Release|Any CPU.ActiveCfg = Release|Any CPU
		{75BDB70A-AEB9-4592-9B5E-677D3D346A54}.Release|Any CPU.Build.0 = Release|Any CPU
		{21805958-869E-49F5-A4ED-0AC8599D62F0}.Debug|Any CPU.ActiveCfg = Debug|Any CPU
		{21805958-869E-49F5-A4ED-0AC8599D62F0}.Debug|Any CPU.Build.0 = Debug|Any CPU
		{21805958-869E-49F5-A4ED-0AC8599D62F0}.Release|Any CPU.ActiveCfg = Release|Any CPU
		{21805958-869E-49F5-A4ED-0AC8599D62F0}.Release|Any CPU.Build.0 = Release|Any CPU
		{AB9096A7-89DD-4ABD-B535-A5258863F389}.Debug|Any CPU.ActiveCfg = Debug|Any CPU
		{AB9096A7-89DD-4ABD-B535-A5258863F389}.Debug|Any CPU.Build.0 = Debug|Any CPU
		{AB9096A7-89DD-4ABD-B535-A5258863F389}.Release|Any CPU.ActiveCfg = Release|Any CPU
		{AB9096A7-89DD-4ABD-B535-A5258863F389}.Release|Any CPU.Build.0 = Release|Any CPU
		{548166D9-DF64-46FB-9EEC-212C7B7E7D85}.Debug|Any CPU.ActiveCfg = Debug|Any CPU
		{548166D9-DF64-46FB-9EEC-212C7B7E7D85}.Debug|Any CPU.Build.0 = Debug|Any CPU
		{548166D9-DF64-46FB-9EEC-212C7B7E7D85}.Release|Any CPU.ActiveCfg = Release|Any CPU
		{548166D9-DF64-46FB-9EEC-212C7B7E7D85}.Release|Any CPU.Build.0 = Release|Any CPU
		{08759323-B999-405B-8688-80008A4190B0}.Debug|Any CPU.ActiveCfg = Debug|Any CPU
		{08759323-B999-405B-8688-80008A4190B0}.Debug|Any CPU.Build.0 = Debug|Any CPU
		{08759323-B999-405B-8688-80008A4190B0}.Release|Any CPU.ActiveCfg = Release|Any CPU
		{08759323-B999-405B-8688-80008A4190B0}.Release|Any CPU.Build.0 = Release|Any CPU
		{5821977D-AC2C-4912-BCD0-6E6B1A756167}.Debug|Any CPU.ActiveCfg = Debug|Any CPU
		{5821977D-AC2C-4912-BCD0-6E6B1A756167}.Debug|Any CPU.Build.0 = Debug|Any CPU
		{5821977D-AC2C-4912-BCD0-6E6B1A756167}.Release|Any CPU.ActiveCfg = Release|Any CPU
		{5821977D-AC2C-4912-BCD0-6E6B1A756167}.Release|Any CPU.Build.0 = Release|Any CPU
		{48808C52-FE5E-43BB-8ADD-197748552773}.Debug|Any CPU.ActiveCfg = Debug|Any CPU
		{48808C52-FE5E-43BB-8ADD-197748552773}.Debug|Any CPU.Build.0 = Debug|Any CPU
		{48808C52-FE5E-43BB-8ADD-197748552773}.Release|Any CPU.ActiveCfg = Release|Any CPU
		{48808C52-FE5E-43BB-8ADD-197748552773}.Release|Any CPU.Build.0 = Release|Any CPU
		{AB09858E-BD48-498C-BB65-B90A5E5F9F26}.Debug|Any CPU.ActiveCfg = Debug|Any CPU
		{AB09858E-BD48-498C-BB65-B90A5E5F9F26}.Debug|Any CPU.Build.0 = Debug|Any CPU
		{AB09858E-BD48-498C-BB65-B90A5E5F9F26}.Release|Any CPU.ActiveCfg = Release|Any CPU
		{AB09858E-BD48-498C-BB65-B90A5E5F9F26}.Release|Any CPU.Build.0 = Release|Any CPU
		{D1262B8E-2200-4E89-8ED5-1BF2BA0FDE7A}.Debug|Any CPU.ActiveCfg = Debug|Any CPU
		{D1262B8E-2200-4E89-8ED5-1BF2BA0FDE7A}.Debug|Any CPU.Build.0 = Debug|Any CPU
		{D1262B8E-2200-4E89-8ED5-1BF2BA0FDE7A}.Release|Any CPU.ActiveCfg = Release|Any CPU
		{D1262B8E-2200-4E89-8ED5-1BF2BA0FDE7A}.Release|Any CPU.Build.0 = Release|Any CPU
		{8E6A486B-5418-4FE1-A14F-CF2F3B74D4E0}.Debug|Any CPU.ActiveCfg = Debug|Any CPU
		{8E6A486B-5418-4FE1-A14F-CF2F3B74D4E0}.Debug|Any CPU.Build.0 = Debug|Any CPU
		{8E6A486B-5418-4FE1-A14F-CF2F3B74D4E0}.Release|Any CPU.ActiveCfg = Release|Any CPU
		{8E6A486B-5418-4FE1-A14F-CF2F3B74D4E0}.Release|Any CPU.Build.0 = Release|Any CPU
		{AD33B357-E789-4102-8DC3-F18EEE507583}.Debug|Any CPU.ActiveCfg = Debug|Any CPU
		{AD33B357-E789-4102-8DC3-F18EEE507583}.Debug|Any CPU.Build.0 = Debug|Any CPU
		{AD33B357-E789-4102-8DC3-F18EEE507583}.Release|Any CPU.ActiveCfg = Release|Any CPU
		{AD33B357-E789-4102-8DC3-F18EEE507583}.Release|Any CPU.Build.0 = Release|Any CPU
		{B9C93F98-1667-40A2-B02F-90D5CE14121F}.Debug|Any CPU.ActiveCfg = Debug|Any CPU
		{B9C93F98-1667-40A2-B02F-90D5CE14121F}.Debug|Any CPU.Build.0 = Debug|Any CPU
		{B9C93F98-1667-40A2-B02F-90D5CE14121F}.Release|Any CPU.ActiveCfg = Release|Any CPU
		{B9C93F98-1667-40A2-B02F-90D5CE14121F}.Release|Any CPU.Build.0 = Release|Any CPU
		{1583F1F7-7E7D-42EE-99F9-E072453BCE34}.Debug|Any CPU.ActiveCfg = Debug|Any CPU
		{1583F1F7-7E7D-42EE-99F9-E072453BCE34}.Debug|Any CPU.Build.0 = Debug|Any CPU
		{1583F1F7-7E7D-42EE-99F9-E072453BCE34}.Release|Any CPU.ActiveCfg = Release|Any CPU
		{1583F1F7-7E7D-42EE-99F9-E072453BCE34}.Release|Any CPU.Build.0 = Release|Any CPU
		{E028BDD2-55E1-4E5F-BE31-35FAEC8D6428}.Debug|Any CPU.ActiveCfg = Release|Any CPU
		{E028BDD2-55E1-4E5F-BE31-35FAEC8D6428}.Debug|Any CPU.Build.0 = Release|Any CPU
		{E028BDD2-55E1-4E5F-BE31-35FAEC8D6428}.Release|Any CPU.ActiveCfg = Release|Any CPU
		{E028BDD2-55E1-4E5F-BE31-35FAEC8D6428}.Release|Any CPU.Build.0 = Release|Any CPU
		{9924F9BF-24A6-4C73-AB60-FAEE784F4327}.Debug|Any CPU.ActiveCfg = Debug|Any CPU
		{9924F9BF-24A6-4C73-AB60-FAEE784F4327}.Debug|Any CPU.Build.0 = Debug|Any CPU
		{9924F9BF-24A6-4C73-AB60-FAEE784F4327}.Release|Any CPU.ActiveCfg = Release|Any CPU
		{9924F9BF-24A6-4C73-AB60-FAEE784F4327}.Release|Any CPU.Build.0 = Release|Any CPU
		{D4C28EC9-4FAB-43AA-B063-96DCBAF44A30}.Debug|Any CPU.ActiveCfg = Debug|Any CPU
		{D4C28EC9-4FAB-43AA-B063-96DCBAF44A30}.Debug|Any CPU.Build.0 = Debug|Any CPU
		{D4C28EC9-4FAB-43AA-B063-96DCBAF44A30}.Release|Any CPU.ActiveCfg = Release|Any CPU
		{D4C28EC9-4FAB-43AA-B063-96DCBAF44A30}.Release|Any CPU.Build.0 = Release|Any CPU
		{56C111DE-CDB3-4228-8322-DFC9121175E6}.Debug|Any CPU.ActiveCfg = Debug|Any CPU
		{56C111DE-CDB3-4228-8322-DFC9121175E6}.Debug|Any CPU.Build.0 = Debug|Any CPU
		{56C111DE-CDB3-4228-8322-DFC9121175E6}.Release|Any CPU.ActiveCfg = Release|Any CPU
		{56C111DE-CDB3-4228-8322-DFC9121175E6}.Release|Any CPU.Build.0 = Release|Any CPU
		{3792E197-F5CD-46F9-811D-6EB6C3B10DEE}.Debug|Any CPU.ActiveCfg = Debug|Any CPU
		{3792E197-F5CD-46F9-811D-6EB6C3B10DEE}.Debug|Any CPU.Build.0 = Debug|Any CPU
		{3792E197-F5CD-46F9-811D-6EB6C3B10DEE}.Release|Any CPU.ActiveCfg = Release|Any CPU
		{3792E197-F5CD-46F9-811D-6EB6C3B10DEE}.Release|Any CPU.Build.0 = Release|Any CPU
		{4F3B0BD4-9527-404A-AFF9-1E7356DC5FBF}.Debug|Any CPU.ActiveCfg = Debug|Any CPU
		{4F3B0BD4-9527-404A-AFF9-1E7356DC5FBF}.Debug|Any CPU.Build.0 = Debug|Any CPU
		{4F3B0BD4-9527-404A-AFF9-1E7356DC5FBF}.Release|Any CPU.ActiveCfg = Release|Any CPU
		{4F3B0BD4-9527-404A-AFF9-1E7356DC5FBF}.Release|Any CPU.Build.0 = Release|Any CPU
		{3200B789-34A9-42F7-8FCF-0908D09E1BBE}.Debug|Any CPU.ActiveCfg = Debug|Any CPU
		{3200B789-34A9-42F7-8FCF-0908D09E1BBE}.Debug|Any CPU.Build.0 = Debug|Any CPU
		{3200B789-34A9-42F7-8FCF-0908D09E1BBE}.Release|Any CPU.ActiveCfg = Release|Any CPU
		{3200B789-34A9-42F7-8FCF-0908D09E1BBE}.Release|Any CPU.Build.0 = Release|Any CPU
	EndGlobalSection
	GlobalSection(SolutionProperties) = preSolution
		HideSolutionNode = FALSE
	EndGlobalSection
	GlobalSection(NestedProjects) = preSolution
		{D78F2066-2CB6-4AE0-ADAC-CF011B5083E8} = {AAD516A6-0F6D-4FFE-881C-37D15A4702C5}
		{AF47B26F-5EB8-4514-AEBF-FDD22244F5B1} = {AAD516A6-0F6D-4FFE-881C-37D15A4702C5}
		{A1525C90-FA00-449D-B3C4-CBA45D5E916C} = {AAD516A6-0F6D-4FFE-881C-37D15A4702C5}
		{5AF10590-5E1C-4052-83C6-95C94B747195} = {AAD516A6-0F6D-4FFE-881C-37D15A4702C5}
		{B9C93F98-1667-40A2-B02F-90D5CE14121F} = {AAD516A6-0F6D-4FFE-881C-37D15A4702C5}
		{39E8A390-5304-4447-99E2-3810941824AD} = {AAD516A6-0F6D-4FFE-881C-37D15A4702C5}
		{4F3B0BD4-9527-404A-AFF9-1E7356DC5FBF} = {AAD516A6-0F6D-4FFE-881C-37D15A4702C5}
		{9B913337-1114-4D05-8F24-D05A5FD588AD} = {0D0E64CD-73D1-4C5F-AADA-965464C91A39}
		{71FAD7D8-11F5-444B-B9F9-D2EFF68C8F26} = {0D0E64CD-73D1-4C5F-AADA-965464C91A39}
		{4283DC66-9A93-4EBF-9D9A-EC5C6866604E} = {0D0E64CD-73D1-4C5F-AADA-965464C91A39}
		{C7FA023B-0259-47C4-8051-EE7EB639DD39} = {0D0E64CD-73D1-4C5F-AADA-965464C91A39}
		{0A5A2807-4D6A-4C1D-B492-9278D9C942C2} = {0D0E64CD-73D1-4C5F-AADA-965464C91A39}
		{D7E5589E-E767-47D7-B614-06CC020ED4AC} = {0D0E64CD-73D1-4C5F-AADA-965464C91A39}
		{976E7A90-291A-4F7D-BED9-B015F13DA474} = {0D0E64CD-73D1-4C5F-AADA-965464C91A39}
		{48808C52-FE5E-43BB-8ADD-197748552773} = {0D0E64CD-73D1-4C5F-AADA-965464C91A39}
		{3200B789-34A9-42F7-8FCF-0908D09E1BBE} = {0D0E64CD-73D1-4C5F-AADA-965464C91A39}
		{A1CD501C-D498-41C7-91E3-276E2BEEA867} = {976E7A90-291A-4F7D-BED9-B015F13DA474}
		{D1262B8E-2200-4E89-8ED5-1BF2BA0FDE7A} = {976E7A90-291A-4F7D-BED9-B015F13DA474}
		{7505264F-7E3E-4F8D-A9D5-885B4F313C26} = {54E50C1C-BB10-4DDC-86BD-CA29FB91A89E}
		{05EF5AD0-ABF0-4F97-9C33-C69F0AF8DB51} = {54E50C1C-BB10-4DDC-86BD-CA29FB91A89E}
		{75BDB70A-AEB9-4592-9B5E-677D3D346A54} = {54E50C1C-BB10-4DDC-86BD-CA29FB91A89E}
		{21805958-869E-49F5-A4ED-0AC8599D62F0} = {54E50C1C-BB10-4DDC-86BD-CA29FB91A89E}
		{AB9096A7-89DD-4ABD-B535-A5258863F389} = {54E50C1C-BB10-4DDC-86BD-CA29FB91A89E}
		{548166D9-DF64-46FB-9EEC-212C7B7E7D85} = {54E50C1C-BB10-4DDC-86BD-CA29FB91A89E}
		{8E6A486B-5418-4FE1-A14F-CF2F3B74D4E0} = {54E50C1C-BB10-4DDC-86BD-CA29FB91A89E}
		{AD33B357-E789-4102-8DC3-F18EEE507583} = {54E50C1C-BB10-4DDC-86BD-CA29FB91A89E}
		{1583F1F7-7E7D-42EE-99F9-E072453BCE34} = {54E50C1C-BB10-4DDC-86BD-CA29FB91A89E}
		{08759323-B999-405B-8688-80008A4190B0} = {489ED983-F8DE-4879-B118-F94C55DA335F}
		{9924F9BF-24A6-4C73-AB60-FAEE784F4327} = {6B9ED8E2-F16D-456D-A42F-A2DE5A2E76E5}
		{D4C28EC9-4FAB-43AA-B063-96DCBAF44A30} = {6B9ED8E2-F16D-456D-A42F-A2DE5A2E76E5}
		{56C111DE-CDB3-4228-8322-DFC9121175E6} = {6B9ED8E2-F16D-456D-A42F-A2DE5A2E76E5}
		{3792E197-F5CD-46F9-811D-6EB6C3B10DEE} = {7C3204B9-50E4-4322-B0DF-DCB241875FF4}
	EndGlobalSection
EndGlobal
