
Microsoft Visual Studio Solution File, Format Version 10.00
# Visual Studio 2008
Project("{FAE04EC0-301F-11D3-BF4B-00C04F79EFBC}") = "NetTopologySuite.TestRunner.VS2008.Net35", "NetTopologySuite.TestRunner\NetTopologySuite.TestRunner.VS2008.Net35.csproj", "{13669184-2446-404F-8894-5E20B6C3FCC6}"
EndProject
Project("{FAE04EC0-301F-11D3-BF4B-00C04F79EFBC}") = "NetTopologySuite.TestRunner.Console.VS2008.Net35", "NetTopologySuite.TestRunner.Console\NetTopologySuite.TestRunner.Console.VS2008.Net35.csproj", "{85945EF0-2BD4-42C1-A934-C3485FCE9021}"
EndProject
Project("{FAE04EC0-301F-11D3-BF4B-00C04F79EFBC}") = "ManagedBufferedCoordinate.VS2008.Net35", "NetTopologySuite\Coordinates\Buffered\ManagedBufferedCoordinate.VS2008.Net35.csproj", "{8A1C8DC2-9E24-47E9-A51C-AA46E0B0260C}"
EndProject
Project("{FAE04EC0-301F-11D3-BF4B-00C04F79EFBC}") = "ManagedBufferedCoordinateTests.VS2008.Net35", "NetTopologySuite\Coordinates\Buffered\Tests\ManagedBufferedCoordinateTests.VS2008.Net35.csproj", "{66EF7231-2966-4FCA-8113-D1B2686447FF}"
EndProject
Project("{FAE04EC0-301F-11D3-BF4B-00C04F79EFBC}") = "GeoAPI.Net.VS2008.Net35", "GeoAPI\GeoAPI.Net.VS2008.Net35.csproj", "{FFB69466-79DE-466A-ADA7-5C47C5C5CA3A}"
EndProject
Project("{FAE04EC0-301F-11D3-BF4B-00C04F79EFBC}") = "NPack.VS2008.Net35", "NPack\NPack.VS2008.Net35.csproj", "{B139E1D5-091B-40D2-B7A2-7D7D82E13019}"
EndProject
Project("{FAE04EC0-301F-11D3-BF4B-00C04F79EFBC}") = "NetTopologySuite.Tests.NUnit.VS2008.Net35", "NetTopologySuite.Tests.NUnit\NetTopologySuite.Tests.NUnit.VS2008.Net35.csproj", "{752B413E-079E-4645-9B4F-C04738BB706D}"
EndProject
Project("{FAE04EC0-301F-11D3-BF4B-00C04F79EFBC}") = "NetTopologySuite.VS2008.Net35", "NetTopologySuite\NetTopologySuite.VS2008.Net35.csproj", "{5770DAA9-84E5-4770-AF43-F6B815894368}"
EndProject
Project("{2150E333-8FDC-42A3-9474-1A3956D46DE8}") = "Coordinates", "Coordinates", "{DB92EE77-9DDB-4FDA-959B-E04D17FFBC97}"
EndProject
Project("{2150E333-8FDC-42A3-9474-1A3956D46DE8}") = "Tests", "Tests", "{96E6A180-AA36-4443-8A77-F3641CA6D7CE}"
EndProject
Project("{2150E333-8FDC-42A3-9474-1A3956D46DE8}") = "Core", "Core", "{7704006F-7A28-4E38-96F1-44014FEE6EA5}"
EndProject
Project("{2150E333-8FDC-42A3-9474-1A3956D46DE8}") = "Tests", "Tests", "{D1FF5530-AB53-4DE8-85C4-EC3AB3CED186}"
EndProject
Project("{2150E333-8FDC-42A3-9474-1A3956D46DE8}") = "Samples", "Samples", "{316CA339-93CE-4099-B9B8-D1DCE6C87EB7}"
EndProject
Project("{2150E333-8FDC-42A3-9474-1A3956D46DE8}") = "BuildTargets", "BuildTargets", "{F53342F6-4E3D-430C-AE54-B87AB4B243B3}"
	ProjectSection(SolutionItems) = preProject
		GeoAPI.Net.VS2008.targets = GeoAPI.Net.VS2008.targets
		NPack.VS2008.targets = NPack.VS2008.targets
	EndProjectSection
EndProject
Project("{FAE04EC0-301F-11D3-BF4B-00C04F79EFBC}") = "NetTopologySuite.Coordinates.Simple.VS2008.Net35", "NetTopologySuite\Coordinates\Simple\NetTopologySuite.Coordinates.Simple.VS2008.Net35.csproj", "{FA286D16-E405-4FCB-95EA-BE1F9A4A83A4}"
EndProject
Project("{FAE04EC0-301F-11D3-BF4B-00C04F79EFBC}") = "NetTopologySuite.Coordinates.Simple.Tests.VS2008.Net35", "NetTopologySuite\Coordinates\Simple\Tests\NetTopologySuite.Coordinates.Simple.Tests.VS2008.Net35.csproj", "{7720519A-F124-40C5-B10F-07728970BF53}"
EndProject
Global
	GlobalSection(SolutionConfigurationPlatforms) = preSolution
		Debug|Any CPU = Debug|Any CPU
		Debug|x64 = Debug|x64
		Debug|x86 = Debug|x86
		Release|Any CPU = Release|Any CPU
		Release|x64 = Release|x64
		Release|x86 = Release|x86
	EndGlobalSection
	GlobalSection(ProjectConfigurationPlatforms) = postSolution
		{13669184-2446-404F-8894-5E20B6C3FCC6}.Debug|Any CPU.ActiveCfg = Debug|Any CPU
		{13669184-2446-404F-8894-5E20B6C3FCC6}.Debug|Any CPU.Build.0 = Debug|Any CPU
		{13669184-2446-404F-8894-5E20B6C3FCC6}.Debug|x64.ActiveCfg = Debug|Any CPU
		{13669184-2446-404F-8894-5E20B6C3FCC6}.Debug|x86.ActiveCfg = Debug|Any CPU
		{13669184-2446-404F-8894-5E20B6C3FCC6}.Release|Any CPU.ActiveCfg = Release|Any CPU
		{13669184-2446-404F-8894-5E20B6C3FCC6}.Release|Any CPU.Build.0 = Release|Any CPU
		{13669184-2446-404F-8894-5E20B6C3FCC6}.Release|x64.ActiveCfg = Release|Any CPU
		{13669184-2446-404F-8894-5E20B6C3FCC6}.Release|x86.ActiveCfg = Release|Any CPU
		{85945EF0-2BD4-42C1-A934-C3485FCE9021}.Debug|Any CPU.ActiveCfg = Debug|Any CPU
		{85945EF0-2BD4-42C1-A934-C3485FCE9021}.Debug|Any CPU.Build.0 = Debug|Any CPU
		{85945EF0-2BD4-42C1-A934-C3485FCE9021}.Debug|x64.ActiveCfg = Debug|x64
		{85945EF0-2BD4-42C1-A934-C3485FCE9021}.Debug|x64.Build.0 = Debug|x64
		{85945EF0-2BD4-42C1-A934-C3485FCE9021}.Debug|x86.ActiveCfg = Debug|x86
		{85945EF0-2BD4-42C1-A934-C3485FCE9021}.Debug|x86.Build.0 = Debug|x86
		{85945EF0-2BD4-42C1-A934-C3485FCE9021}.Release|Any CPU.ActiveCfg = Release|Any CPU
		{85945EF0-2BD4-42C1-A934-C3485FCE9021}.Release|Any CPU.Build.0 = Release|Any CPU
		{85945EF0-2BD4-42C1-A934-C3485FCE9021}.Release|x64.ActiveCfg = Release|x64
		{85945EF0-2BD4-42C1-A934-C3485FCE9021}.Release|x64.Build.0 = Release|x64
		{85945EF0-2BD4-42C1-A934-C3485FCE9021}.Release|x86.ActiveCfg = Release|x86
		{85945EF0-2BD4-42C1-A934-C3485FCE9021}.Release|x86.Build.0 = Release|x86
		{8A1C8DC2-9E24-47E9-A51C-AA46E0B0260C}.Debug|Any CPU.ActiveCfg = Debug|Any CPU
		{8A1C8DC2-9E24-47E9-A51C-AA46E0B0260C}.Debug|Any CPU.Build.0 = Debug|Any CPU
		{8A1C8DC2-9E24-47E9-A51C-AA46E0B0260C}.Debug|x64.ActiveCfg = Debug|Any CPU
		{8A1C8DC2-9E24-47E9-A51C-AA46E0B0260C}.Debug|x86.ActiveCfg = Debug|Any CPU
		{8A1C8DC2-9E24-47E9-A51C-AA46E0B0260C}.Release|Any CPU.ActiveCfg = Release|Any CPU
		{8A1C8DC2-9E24-47E9-A51C-AA46E0B0260C}.Release|Any CPU.Build.0 = Release|Any CPU
		{8A1C8DC2-9E24-47E9-A51C-AA46E0B0260C}.Release|x64.ActiveCfg = Release|Any CPU
		{8A1C8DC2-9E24-47E9-A51C-AA46E0B0260C}.Release|x86.ActiveCfg = Release|Any CPU
		{66EF7231-2966-4FCA-8113-D1B2686447FF}.Debug|Any CPU.ActiveCfg = Debug|Any CPU
		{66EF7231-2966-4FCA-8113-D1B2686447FF}.Debug|Any CPU.Build.0 = Debug|Any CPU
		{66EF7231-2966-4FCA-8113-D1B2686447FF}.Debug|x64.ActiveCfg = Debug|Any CPU
		{66EF7231-2966-4FCA-8113-D1B2686447FF}.Debug|x86.ActiveCfg = Debug|Any CPU
		{66EF7231-2966-4FCA-8113-D1B2686447FF}.Release|Any CPU.ActiveCfg = Release|Any CPU
		{66EF7231-2966-4FCA-8113-D1B2686447FF}.Release|Any CPU.Build.0 = Release|Any CPU
		{66EF7231-2966-4FCA-8113-D1B2686447FF}.Release|x64.ActiveCfg = Release|Any CPU
		{66EF7231-2966-4FCA-8113-D1B2686447FF}.Release|x86.ActiveCfg = Release|Any CPU
		{FFB69466-79DE-466A-ADA7-5C47C5C5CA3A}.Debug|Any CPU.ActiveCfg = Debug|Any CPU
		{FFB69466-79DE-466A-ADA7-5C47C5C5CA3A}.Debug|Any CPU.Build.0 = Debug|Any CPU
		{FFB69466-79DE-466A-ADA7-5C47C5C5CA3A}.Debug|x64.ActiveCfg = Debug|x64
		{FFB69466-79DE-466A-ADA7-5C47C5C5CA3A}.Debug|x64.Build.0 = Debug|x64
		{FFB69466-79DE-466A-ADA7-5C47C5C5CA3A}.Debug|x86.ActiveCfg = Debug|x86
		{FFB69466-79DE-466A-ADA7-5C47C5C5CA3A}.Debug|x86.Build.0 = Debug|x86
		{FFB69466-79DE-466A-ADA7-5C47C5C5CA3A}.Release|Any CPU.ActiveCfg = Release|Any CPU
		{FFB69466-79DE-466A-ADA7-5C47C5C5CA3A}.Release|Any CPU.Build.0 = Release|Any CPU
		{FFB69466-79DE-466A-ADA7-5C47C5C5CA3A}.Release|x64.ActiveCfg = Release|x64
		{FFB69466-79DE-466A-ADA7-5C47C5C5CA3A}.Release|x64.Build.0 = Release|x64
		{FFB69466-79DE-466A-ADA7-5C47C5C5CA3A}.Release|x86.ActiveCfg = Release|x86
		{FFB69466-79DE-466A-ADA7-5C47C5C5CA3A}.Release|x86.Build.0 = Release|x86
		{B139E1D5-091B-40D2-B7A2-7D7D82E13019}.Debug|Any CPU.ActiveCfg = Debug|Any CPU
		{B139E1D5-091B-40D2-B7A2-7D7D82E13019}.Debug|Any CPU.Build.0 = Debug|Any CPU
		{B139E1D5-091B-40D2-B7A2-7D7D82E13019}.Debug|x64.ActiveCfg = Debug|x64
		{B139E1D5-091B-40D2-B7A2-7D7D82E13019}.Debug|x64.Build.0 = Debug|x64
		{B139E1D5-091B-40D2-B7A2-7D7D82E13019}.Debug|x86.ActiveCfg = Debug|x86
		{B139E1D5-091B-40D2-B7A2-7D7D82E13019}.Debug|x86.Build.0 = Debug|x86
		{B139E1D5-091B-40D2-B7A2-7D7D82E13019}.Release|Any CPU.ActiveCfg = Release|Any CPU
		{B139E1D5-091B-40D2-B7A2-7D7D82E13019}.Release|Any CPU.Build.0 = Release|Any CPU
		{B139E1D5-091B-40D2-B7A2-7D7D82E13019}.Release|x64.ActiveCfg = Release|x64
		{B139E1D5-091B-40D2-B7A2-7D7D82E13019}.Release|x64.Build.0 = Release|x64
		{B139E1D5-091B-40D2-B7A2-7D7D82E13019}.Release|x86.ActiveCfg = Release|x86
		{B139E1D5-091B-40D2-B7A2-7D7D82E13019}.Release|x86.Build.0 = Release|x86
		{752B413E-079E-4645-9B4F-C04738BB706D}.Debug|Any CPU.ActiveCfg = Debug|Any CPU
		{752B413E-079E-4645-9B4F-C04738BB706D}.Debug|Any CPU.Build.0 = Debug|Any CPU
		{752B413E-079E-4645-9B4F-C04738BB706D}.Debug|x64.ActiveCfg = Debug|Any CPU
		{752B413E-079E-4645-9B4F-C04738BB706D}.Debug|x86.ActiveCfg = Debug|Any CPU
		{752B413E-079E-4645-9B4F-C04738BB706D}.Release|Any CPU.ActiveCfg = Release|Any CPU
		{752B413E-079E-4645-9B4F-C04738BB706D}.Release|Any CPU.Build.0 = Release|Any CPU
		{752B413E-079E-4645-9B4F-C04738BB706D}.Release|x64.ActiveCfg = Release|Any CPU
		{752B413E-079E-4645-9B4F-C04738BB706D}.Release|x86.ActiveCfg = Release|Any CPU
		{5770DAA9-84E5-4770-AF43-F6B815894368}.Debug|Any CPU.ActiveCfg = Debug|Any CPU
		{5770DAA9-84E5-4770-AF43-F6B815894368}.Debug|Any CPU.Build.0 = Debug|Any CPU
		{5770DAA9-84E5-4770-AF43-F6B815894368}.Debug|x64.ActiveCfg = Debug|Any CPU
		{5770DAA9-84E5-4770-AF43-F6B815894368}.Debug|x86.ActiveCfg = Debug|Any CPU
		{5770DAA9-84E5-4770-AF43-F6B815894368}.Release|Any CPU.ActiveCfg = Release|Any CPU
		{5770DAA9-84E5-4770-AF43-F6B815894368}.Release|Any CPU.Build.0 = Release|Any CPU
		{5770DAA9-84E5-4770-AF43-F6B815894368}.Release|x64.ActiveCfg = Release|Any CPU
		{5770DAA9-84E5-4770-AF43-F6B815894368}.Release|x86.ActiveCfg = Release|Any CPU
		{FA286D16-E405-4FCB-95EA-BE1F9A4A83A4}.Debug|Any CPU.ActiveCfg = Debug|Any CPU
		{FA286D16-E405-4FCB-95EA-BE1F9A4A83A4}.Debug|Any CPU.Build.0 = Debug|Any CPU
		{FA286D16-E405-4FCB-95EA-BE1F9A4A83A4}.Debug|x64.ActiveCfg = Debug|x64
		{FA286D16-E405-4FCB-95EA-BE1F9A4A83A4}.Debug|x64.Build.0 = Debug|x64
		{FA286D16-E405-4FCB-95EA-BE1F9A4A83A4}.Debug|x86.ActiveCfg = Debug|x86
		{FA286D16-E405-4FCB-95EA-BE1F9A4A83A4}.Debug|x86.Build.0 = Debug|x86
		{FA286D16-E405-4FCB-95EA-BE1F9A4A83A4}.Release|Any CPU.ActiveCfg = Release|Any CPU
		{FA286D16-E405-4FCB-95EA-BE1F9A4A83A4}.Release|Any CPU.Build.0 = Release|Any CPU
		{FA286D16-E405-4FCB-95EA-BE1F9A4A83A4}.Release|x64.ActiveCfg = Release|x64
		{FA286D16-E405-4FCB-95EA-BE1F9A4A83A4}.Release|x64.Build.0 = Release|x64
		{FA286D16-E405-4FCB-95EA-BE1F9A4A83A4}.Release|x86.ActiveCfg = Release|x86
		{FA286D16-E405-4FCB-95EA-BE1F9A4A83A4}.Release|x86.Build.0 = Release|x86
		{7720519A-F124-40C5-B10F-07728970BF53}.Debug|Any CPU.ActiveCfg = Debug|Any CPU
		{7720519A-F124-40C5-B10F-07728970BF53}.Debug|Any CPU.Build.0 = Debug|Any CPU
		{7720519A-F124-40C5-B10F-07728970BF53}.Debug|x64.ActiveCfg = Debug|x64
		{7720519A-F124-40C5-B10F-07728970BF53}.Debug|x64.Build.0 = Debug|x64
		{7720519A-F124-40C5-B10F-07728970BF53}.Debug|x86.ActiveCfg = Debug|x86
		{7720519A-F124-40C5-B10F-07728970BF53}.Debug|x86.Build.0 = Debug|x86
		{7720519A-F124-40C5-B10F-07728970BF53}.Release|Any CPU.ActiveCfg = Release|Any CPU
		{7720519A-F124-40C5-B10F-07728970BF53}.Release|Any CPU.Build.0 = Release|Any CPU
		{7720519A-F124-40C5-B10F-07728970BF53}.Release|x64.ActiveCfg = Release|x64
		{7720519A-F124-40C5-B10F-07728970BF53}.Release|x64.Build.0 = Release|x64
		{7720519A-F124-40C5-B10F-07728970BF53}.Release|x86.ActiveCfg = Release|x86
		{7720519A-F124-40C5-B10F-07728970BF53}.Release|x86.Build.0 = Release|x86
	EndGlobalSection
	GlobalSection(SolutionProperties) = preSolution
		HideSolutionNode = FALSE
	EndGlobalSection
	GlobalSection(NestedProjects) = preSolution
		{85945EF0-2BD4-42C1-A934-C3485FCE9021} = {D1FF5530-AB53-4DE8-85C4-EC3AB3CED186}
		{752B413E-079E-4645-9B4F-C04738BB706D} = {D1FF5530-AB53-4DE8-85C4-EC3AB3CED186}
		{13669184-2446-404F-8894-5E20B6C3FCC6} = {D1FF5530-AB53-4DE8-85C4-EC3AB3CED186}
		{96E6A180-AA36-4443-8A77-F3641CA6D7CE} = {DB92EE77-9DDB-4FDA-959B-E04D17FFBC97}
		{8A1C8DC2-9E24-47E9-A51C-AA46E0B0260C} = {DB92EE77-9DDB-4FDA-959B-E04D17FFBC97}
		{FA286D16-E405-4FCB-95EA-BE1F9A4A83A4} = {DB92EE77-9DDB-4FDA-959B-E04D17FFBC97}
		{66EF7231-2966-4FCA-8113-D1B2686447FF} = {96E6A180-AA36-4443-8A77-F3641CA6D7CE}
		{7720519A-F124-40C5-B10F-07728970BF53} = {96E6A180-AA36-4443-8A77-F3641CA6D7CE}
		{B139E1D5-091B-40D2-B7A2-7D7D82E13019} = {7704006F-7A28-4E38-96F1-44014FEE6EA5}
		{5770DAA9-84E5-4770-AF43-F6B815894368} = {7704006F-7A28-4E38-96F1-44014FEE6EA5}
		{FFB69466-79DE-466A-ADA7-5C47C5C5CA3A} = {7704006F-7A28-4E38-96F1-44014FEE6EA5}
	EndGlobalSection
EndGlobal
