
Microsoft Visual Studio Solution File, Format Version 11.00
# Visual Studio 2010
Project("{2150E333-8FDC-42A3-9474-1A3956D46DE8}") = "Solution Items", "Solution Items", "{A11130E8-4942-432A-97B7-ADEEFB34A977}"
	ProjectSection(SolutionItems) = preProject
		LocalTestRun.testrunconfig = LocalTestRun.testrunconfig
		NetTopologySuite.vsmdi = NetTopologySuite.vsmdi
	EndProjectSection
EndProject
Project("{2150E333-8FDC-42A3-9474-1A3956D46DE8}") = "Tests", "Tests", "{5AF10590-5E1C-4052-83C6-95C94B747195}"
	ProjectSection(SolutionItems) = preProject
		NetTopologySuite.TestRunner.Tests\Default.xml = NetTopologySuite.TestRunner.Tests\Default.xml
		NetTopologySuite.TestRunner.Tests\Other.xml = NetTopologySuite.TestRunner.Tests\Other.xml
	EndProjectSection
EndProject
Project("{2150E333-8FDC-42A3-9474-1A3956D46DE8}") = "Robust", "Robust", "{71AF5313-7B61-47C0-B7A1-FBEAEB035011}"
	ProjectSection(SolutionItems) = preProject
		NetTopologySuite.TestRunner.Tests\robust\TestRobustOverlayFixed.xml = NetTopologySuite.TestRunner.Tests\robust\TestRobustOverlayFixed.xml
		NetTopologySuite.TestRunner.Tests\robust\TestRobustOverlayFloat.xml = NetTopologySuite.TestRunner.Tests\robust\TestRobustOverlayFloat.xml
		NetTopologySuite.TestRunner.Tests\robust\TestRobustRelate.xml = NetTopologySuite.TestRunner.Tests\robust\TestRobustRelate.xml
	EndProjectSection
EndProject
Project("{2150E333-8FDC-42A3-9474-1A3956D46DE8}") = "Vivid", "Vivid", "{4692ED72-2D05-4DDC-8411-748A9BE61958}"
	ProjectSection(SolutionItems) = preProject
		NetTopologySuite.TestRunner.Tests\vivid\TestBoundary.xml = NetTopologySuite.TestRunner.Tests\vivid\TestBoundary.xml
		NetTopologySuite.TestRunner.Tests\vivid\TestCentroid.xml = NetTopologySuite.TestRunner.Tests\vivid\TestCentroid.xml
		NetTopologySuite.TestRunner.Tests\vivid\TestConvexHull-big.xml = NetTopologySuite.TestRunner.Tests\vivid\TestConvexHull-big.xml
		NetTopologySuite.TestRunner.Tests\vivid\TestConvexHull.xml = NetTopologySuite.TestRunner.Tests\vivid\TestConvexHull.xml
		NetTopologySuite.TestRunner.Tests\vivid\TestFunctionAA.xml = NetTopologySuite.TestRunner.Tests\vivid\TestFunctionAA.xml
		NetTopologySuite.TestRunner.Tests\vivid\TestFunctionAAPrec.xml = NetTopologySuite.TestRunner.Tests\vivid\TestFunctionAAPrec.xml
		NetTopologySuite.TestRunner.Tests\vivid\TestFunctionLA.xml = NetTopologySuite.TestRunner.Tests\vivid\TestFunctionLA.xml
		NetTopologySuite.TestRunner.Tests\vivid\TestFunctionLAPrec.xml = NetTopologySuite.TestRunner.Tests\vivid\TestFunctionLAPrec.xml
		NetTopologySuite.TestRunner.Tests\vivid\TestFunctionLL.xml = NetTopologySuite.TestRunner.Tests\vivid\TestFunctionLL.xml
		NetTopologySuite.TestRunner.Tests\vivid\TestFunctionLLPrec.xml = NetTopologySuite.TestRunner.Tests\vivid\TestFunctionLLPrec.xml
		NetTopologySuite.TestRunner.Tests\vivid\TestFunctionPA.xml = NetTopologySuite.TestRunner.Tests\vivid\TestFunctionPA.xml
		NetTopologySuite.TestRunner.Tests\vivid\TestFunctionPL.xml = NetTopologySuite.TestRunner.Tests\vivid\TestFunctionPL.xml
		NetTopologySuite.TestRunner.Tests\vivid\TestFunctionPLPrec.xml = NetTopologySuite.TestRunner.Tests\vivid\TestFunctionPLPrec.xml
		NetTopologySuite.TestRunner.Tests\vivid\TestFunctionPP.xml = NetTopologySuite.TestRunner.Tests\vivid\TestFunctionPP.xml
		NetTopologySuite.TestRunner.Tests\vivid\TestInteriorPoint.xml = NetTopologySuite.TestRunner.Tests\vivid\TestInteriorPoint.xml
		NetTopologySuite.TestRunner.Tests\vivid\TestRectanglePredicate.xml = NetTopologySuite.TestRunner.Tests\vivid\TestRectanglePredicate.xml
		NetTopologySuite.TestRunner.Tests\vivid\TestRelateAA.xml = NetTopologySuite.TestRunner.Tests\vivid\TestRelateAA.xml
		NetTopologySuite.TestRunner.Tests\vivid\TestRelateAC.xml = NetTopologySuite.TestRunner.Tests\vivid\TestRelateAC.xml
		NetTopologySuite.TestRunner.Tests\vivid\TestRelateLA.xml = NetTopologySuite.TestRunner.Tests\vivid\TestRelateLA.xml
		NetTopologySuite.TestRunner.Tests\vivid\TestRelateLC.xml = NetTopologySuite.TestRunner.Tests\vivid\TestRelateLC.xml
		NetTopologySuite.TestRunner.Tests\vivid\TestRelateLL.xml = NetTopologySuite.TestRunner.Tests\vivid\TestRelateLL.xml
		NetTopologySuite.TestRunner.Tests\vivid\TestRelatePA.xml = NetTopologySuite.TestRunner.Tests\vivid\TestRelatePA.xml
		NetTopologySuite.TestRunner.Tests\vivid\TestRelatePL.xml = NetTopologySuite.TestRunner.Tests\vivid\TestRelatePL.xml
		NetTopologySuite.TestRunner.Tests\vivid\TestRelatePP.xml = NetTopologySuite.TestRunner.Tests\vivid\TestRelatePP.xml
		NetTopologySuite.TestRunner.Tests\vivid\TestSimple.xml = NetTopologySuite.TestRunner.Tests\vivid\TestSimple.xml
		NetTopologySuite.TestRunner.Tests\vivid\TestValid.xml = NetTopologySuite.TestRunner.Tests\vivid\TestValid.xml
		NetTopologySuite.TestRunner.Tests\vivid\TestValid2-big.xml = NetTopologySuite.TestRunner.Tests\vivid\TestValid2-big.xml
		NetTopologySuite.TestRunner.Tests\vivid\TestValid2.xml = NetTopologySuite.TestRunner.Tests\vivid\TestValid2.xml
		NetTopologySuite.TestRunner.Tests\vivid\TestWithinDistance.xml = NetTopologySuite.TestRunner.Tests\vivid\TestWithinDistance.xml
	EndProjectSection
EndProject
Project("{2150E333-8FDC-42A3-9474-1A3956D46DE8}") = "Validate", "Validate", "{20350EA5-0BB8-4233-9C11-90E9A8D3C254}"
	ProjectSection(SolutionItems) = preProject
		NetTopologySuite.TestRunner.Tests\validate\TestRelateAA-big.xml = NetTopologySuite.TestRunner.Tests\validate\TestRelateAA-big.xml
		NetTopologySuite.TestRunner.Tests\validate\TestRelateAA.xml = NetTopologySuite.TestRunner.Tests\validate\TestRelateAA.xml
		NetTopologySuite.TestRunner.Tests\validate\TestRelateAC.xml = NetTopologySuite.TestRunner.Tests\validate\TestRelateAC.xml
		NetTopologySuite.TestRunner.Tests\validate\TestRelateLA.xml = NetTopologySuite.TestRunner.Tests\validate\TestRelateLA.xml
		NetTopologySuite.TestRunner.Tests\validate\TestRelateLC.xml = NetTopologySuite.TestRunner.Tests\validate\TestRelateLC.xml
		NetTopologySuite.TestRunner.Tests\validate\TestRelateLL.xml = NetTopologySuite.TestRunner.Tests\validate\TestRelateLL.xml
		NetTopologySuite.TestRunner.Tests\validate\TestRelatePA.xml = NetTopologySuite.TestRunner.Tests\validate\TestRelatePA.xml
		NetTopologySuite.TestRunner.Tests\validate\TestRelatePL.xml = NetTopologySuite.TestRunner.Tests\validate\TestRelatePL.xml
	EndProjectSection
EndProject
Project("{FAE04EC0-301F-11D3-BF4B-00C04F79EFBC}") = "NetTopologySuite", "NetTopologySuite\NetTopologySuite.csproj", "{5770DAA9-84E5-4770-AF43-F6B815894368}"
EndProject
Project("{FAE04EC0-301F-11D3-BF4B-00C04F79EFBC}") = "NetTopologySuite.Samples.Console", "NetTopologySuite.Samples.Console\NetTopologySuite.Samples.Console.csproj", "{39E8A390-5304-4447-99E2-3810941824AD}"
EndProject
Project("{FAE04EC0-301F-11D3-BF4B-00C04F79EFBC}") = "NetTopologySute.TestRunner", "NetTopologySuite.TestRunner\NetTopologySute.TestRunner.csproj", "{13669184-2446-404F-8894-5E20B6C3FCC6}"
EndProject
Project("{FAE04EC0-301F-11D3-BF4B-00C04F79EFBC}") = "NetTopologySute.TestRunner.Console", "NetTopologySuite.TestRunner.Console\NetTopologySute.TestRunner.Console.csproj", "{85945EF0-2BD4-42C1-A934-C3485FCE9021}"
EndProject
Project("{FAE04EC0-301F-11D3-BF4B-00C04F79EFBC}") = "NetTopologySuite.Tests.Vivid.XUnit", "NetTopologySuite.Tests.Vivid.XUnit\NetTopologySuite.Tests.Vivid.XUnit.csproj", "{D78F2066-2CB6-4AE0-ADAC-CF011B5083E8}"
EndProject
Project("{FAE04EC0-301F-11D3-BF4B-00C04F79EFBC}") = "NetTopologySuite.Windows.Forms", "NetTopologySuite.Windows.Forms\NetTopologySuite.Windows.Forms.csproj", "{DB5EFAB5-F90A-4B64-AB99-7C3A750154F1}"
EndProject
Project("{FAE04EC0-301F-11D3-BF4B-00C04F79EFBC}") = "Test.NetTopologySuite.Windows.Forms", "NetTopologySuite.Windows.Forms\Test\Test.NetTopologySuite.Windows.Forms.csproj", "{AF47B26F-5EB8-4514-AEBF-FDD22244F5B1}"
EndProject
Project("{FAE04EC0-301F-11D3-BF4B-00C04F79EFBC}") = "NetTopologySuite.Tests.NUnit", "NetTopologySuite.Tests.NUnit\NetTopologySuite.Tests.NUnit.csproj", "{A1525C90-FA00-449D-B3C4-CBA45D5E916C}"
EndProject
Project("{FAE04EC0-301F-11D3-BF4B-00C04F79EFBC}") = "GeoAPI", "GeoAPI\GeoAPI\GeoAPI.csproj", "{FFB69466-79DE-466A-ADA7-5C47C5C5CA3A}"
EndProject
Project("{2150E333-8FDC-42A3-9474-1A3956D46DE8}") = "Silverlight", "Silverlight", "{0D0E64CD-73D1-4C5F-AADA-965464C91A39}"
EndProject
Project("{FAE04EC0-301F-11D3-BF4B-00C04F79EFBC}") = "GeoAPI.Silverlight", "GeoAPI\GeoAPI.Silverlight\GeoAPI.Silverlight.csproj", "{9B913337-1114-4D05-8F24-D05A5FD588AD}"
EndProject
Project("{FAE04EC0-301F-11D3-BF4B-00C04F79EFBC}") = "NetTopologySuite.Silverlight", "NetTopologySuite.Silverlight\NetTopologySuite.Silverlight.csproj", "{71FAD7D8-11F5-444B-B9F9-D2EFF68C8F26}"
EndProject
Project("{FAE04EC0-301F-11D3-BF4B-00C04F79EFBC}") = "NetTopologySuite.Data.Silverlight", "NetTopologySuite.Data.Silverlight\NetTopologySuite.Data.Silverlight.csproj", "{4283DC66-9A93-4EBF-9D9A-EC5C6866604E}"
EndProject
Project("{FAE04EC0-301F-11D3-BF4B-00C04F79EFBC}") = "NetTopologySuite.Encodings.Silverlight", "NetTopologySuite.Encodings.Silverlight\NetTopologySuite.Encodings.Silverlight.csproj", "{C7FA023B-0259-47C4-8051-EE7EB639DD39}"
EndProject
Project("{FAE04EC0-301F-11D3-BF4B-00C04F79EFBC}") = "NetTopologySuite.Silverlight.Test", "NetTopologySuite.Silverlight.Test\NetTopologySuite.Silverlight.Test.csproj", "{0A5A2807-4D6A-4C1D-B492-9278D9C942C2}"
EndProject
Project("{FAE04EC0-301F-11D3-BF4B-00C04F79EFBC}") = "NetTopologySuite.Silverlight.Test.Web", "NetTopologySuite.Silverlight.Test.Web\NetTopologySuite.Silverlight.Test.Web.csproj", "{D7E5589E-E767-47D7-B614-06CC020ED4AC}"
EndProject
Project("{FAE04EC0-301F-11D3-BF4B-00C04F79EFBC}") = "NetTopologySuite.Shapefile.Silverlight", "NetTopologySuite.Shapefile.Silverlight\NetTopologySuite.Shapefile.Silverlight.csproj", "{A1CD501C-D498-41C7-91E3-276E2BEEA867}"
EndProject
Project("{2150E333-8FDC-42A3-9474-1A3956D46DE8}") = "NetTopologySuite.IO", "NetTopologySuite.IO", "{54E50C1C-BB10-4DDC-86BD-CA29FB91A89E}"
EndProject
Project("{FAE04EC0-301F-11D3-BF4B-00C04F79EFBC}") = "NetTopologySuite.IO.PostGis", "NetTopologySuite.IO\NetTopologySuite.IO.PostGis\NetTopologySuite.IO.PostGis.csproj", "{7505264F-7E3E-4F8D-A9D5-885B4F313C26}"
EndProject
Project("{FAE04EC0-301F-11D3-BF4B-00C04F79EFBC}") = "NetTopologySuite.IO.Oracle", "NetTopologySuite.IO\NetTopologySuite.IO.Oracle\NetTopologySuite.IO.Oracle.csproj", "{05EF5AD0-ABF0-4F97-9C33-C69F0AF8DB51}"
EndProject
Project("{FAE04EC0-301F-11D3-BF4B-00C04F79EFBC}") = "NetTopologySuite.IO.MsSqlSpatial", "NetTopologySuite.IO\NetTopologySuite.IO.MsSqlSpatial\NetTopologySuite.IO.MsSqlSpatial.csproj", "{75BDB70A-AEB9-4592-9B5E-677D3D346A54}"
EndProject
Project("{FAE04EC0-301F-11D3-BF4B-00C04F79EFBC}") = "NetTopologySuite.IO.GeoTools", "NetTopologySuite.IO\NetTopologySuite.IO.GeoTools\NetTopologySuite.IO.GeoTools.csproj", "{21805958-869E-49F5-A4ED-0AC8599D62F0}"
EndProject
Project("{FAE04EC0-301F-11D3-BF4B-00C04F79EFBC}") = "NetTopologySuite.IO.ShapeFile", "NetTopologySuite.IO\NetTopologySuite.IO.ShapeFile\NetTopologySuite.IO.ShapeFile.csproj", "{AB9096A7-89DD-4ABD-B535-A5258863F389}"
EndProject
Project("{FAE04EC0-301F-11D3-BF4B-00C04F79EFBC}") = "NetTopologySuite.IO.GDB", "NetTopologySuite.IO\NetTopologySuite.IO.GDB\NetTopologySuite.IO.GDB.csproj", "{548166D9-DF64-46FB-9EEC-212C7B7E7D85}"
EndProject
Project("{2150E333-8FDC-42A3-9474-1A3956D46DE8}") = "NetTopologySuite.CoordinateSystems.Transformation", "NetTopologySuite.CoordinateSystems.Transformation", "{489ED983-F8DE-4879-B118-F94C55DA335F}"
EndProject
Global
	GlobalSection(SubversionScc) = preSolution
		Svn-Managed = True
		Manager = AnkhSVN - Subversion Support for Visual Studio
	EndGlobalSection
	GlobalSection(TestCaseManagementSettings) = postSolution
		CategoryFile = NetTopologySuite.vsmdi
	EndGlobalSection
	GlobalSection(SolutionConfigurationPlatforms) = preSolution
		Debug|Any CPU = Debug|Any CPU
		Release|Any CPU = Release|Any CPU
	EndGlobalSection
	GlobalSection(ProjectConfigurationPlatforms) = postSolution
		{5770DAA9-84E5-4770-AF43-F6B815894368}.Debug|Any CPU.ActiveCfg = Debug|Any CPU
		{5770DAA9-84E5-4770-AF43-F6B815894368}.Debug|Any CPU.Build.0 = Debug|Any CPU
		{5770DAA9-84E5-4770-AF43-F6B815894368}.Release|Any CPU.ActiveCfg = Release|Any CPU
		{5770DAA9-84E5-4770-AF43-F6B815894368}.Release|Any CPU.Build.0 = Release|Any CPU
		{39E8A390-5304-4447-99E2-3810941824AD}.Debug|Any CPU.ActiveCfg = Debug|Any CPU
		{39E8A390-5304-4447-99E2-3810941824AD}.Debug|Any CPU.Build.0 = Debug|Any CPU
		{39E8A390-5304-4447-99E2-3810941824AD}.Release|Any CPU.ActiveCfg = Release|Any CPU
		{39E8A390-5304-4447-99E2-3810941824AD}.Release|Any CPU.Build.0 = Release|Any CPU
		{13669184-2446-404F-8894-5E20B6C3FCC6}.Debug|Any CPU.ActiveCfg = Debug|Any CPU
		{13669184-2446-404F-8894-5E20B6C3FCC6}.Debug|Any CPU.Build.0 = Debug|Any CPU
		{13669184-2446-404F-8894-5E20B6C3FCC6}.Release|Any CPU.ActiveCfg = Release|Any CPU
		{13669184-2446-404F-8894-5E20B6C3FCC6}.Release|Any CPU.Build.0 = Release|Any CPU
		{85945EF0-2BD4-42C1-A934-C3485FCE9021}.Debug|Any CPU.ActiveCfg = Debug|Any CPU
		{85945EF0-2BD4-42C1-A934-C3485FCE9021}.Debug|Any CPU.Build.0 = Debug|Any CPU
		{85945EF0-2BD4-42C1-A934-C3485FCE9021}.Release|Any CPU.ActiveCfg = Release|Any CPU
		{85945EF0-2BD4-42C1-A934-C3485FCE9021}.Release|Any CPU.Build.0 = Release|Any CPU
		{D78F2066-2CB6-4AE0-ADAC-CF011B5083E8}.Debug|Any CPU.ActiveCfg = Debug|Any CPU
		{D78F2066-2CB6-4AE0-ADAC-CF011B5083E8}.Debug|Any CPU.Build.0 = Debug|Any CPU
		{D78F2066-2CB6-4AE0-ADAC-CF011B5083E8}.Release|Any CPU.ActiveCfg = Release|Any CPU
		{D78F2066-2CB6-4AE0-ADAC-CF011B5083E8}.Release|Any CPU.Build.0 = Release|Any CPU
		{DB5EFAB5-F90A-4B64-AB99-7C3A750154F1}.Debug|Any CPU.ActiveCfg = Debug|Any CPU
		{DB5EFAB5-F90A-4B64-AB99-7C3A750154F1}.Debug|Any CPU.Build.0 = Debug|Any CPU
		{DB5EFAB5-F90A-4B64-AB99-7C3A750154F1}.Release|Any CPU.ActiveCfg = Release|Any CPU
		{DB5EFAB5-F90A-4B64-AB99-7C3A750154F1}.Release|Any CPU.Build.0 = Release|Any CPU
		{AF47B26F-5EB8-4514-AEBF-FDD22244F5B1}.Debug|Any CPU.ActiveCfg = Debug|Any CPU
		{AF47B26F-5EB8-4514-AEBF-FDD22244F5B1}.Debug|Any CPU.Build.0 = Debug|Any CPU
		{AF47B26F-5EB8-4514-AEBF-FDD22244F5B1}.Release|Any CPU.ActiveCfg = Release|Any CPU
		{AF47B26F-5EB8-4514-AEBF-FDD22244F5B1}.Release|Any CPU.Build.0 = Release|Any CPU
		{A1525C90-FA00-449D-B3C4-CBA45D5E916C}.Debug|Any CPU.ActiveCfg = Debug|Any CPU
		{A1525C90-FA00-449D-B3C4-CBA45D5E916C}.Debug|Any CPU.Build.0 = Debug|Any CPU
		{A1525C90-FA00-449D-B3C4-CBA45D5E916C}.Release|Any CPU.ActiveCfg = Release|Any CPU
		{A1525C90-FA00-449D-B3C4-CBA45D5E916C}.Release|Any CPU.Build.0 = Release|Any CPU
		{FFB69466-79DE-466A-ADA7-5C47C5C5CA3A}.Debug|Any CPU.ActiveCfg = Debug|Any CPU
		{FFB69466-79DE-466A-ADA7-5C47C5C5CA3A}.Debug|Any CPU.Build.0 = Debug|Any CPU
		{FFB69466-79DE-466A-ADA7-5C47C5C5CA3A}.Release|Any CPU.ActiveCfg = Release|Any CPU
		{FFB69466-79DE-466A-ADA7-5C47C5C5CA3A}.Release|Any CPU.Build.0 = Release|Any CPU
		{9B913337-1114-4D05-8F24-D05A5FD588AD}.Debug|Any CPU.ActiveCfg = Debug|Any CPU
		{9B913337-1114-4D05-8F24-D05A5FD588AD}.Debug|Any CPU.Build.0 = Debug|Any CPU
		{9B913337-1114-4D05-8F24-D05A5FD588AD}.Release|Any CPU.ActiveCfg = Release|Any CPU
		{9B913337-1114-4D05-8F24-D05A5FD588AD}.Release|Any CPU.Build.0 = Release|Any CPU
		{71FAD7D8-11F5-444B-B9F9-D2EFF68C8F26}.Debug|Any CPU.ActiveCfg = Debug|Any CPU
		{71FAD7D8-11F5-444B-B9F9-D2EFF68C8F26}.Debug|Any CPU.Build.0 = Debug|Any CPU
		{71FAD7D8-11F5-444B-B9F9-D2EFF68C8F26}.Release|Any CPU.ActiveCfg = Release|Any CPU
		{71FAD7D8-11F5-444B-B9F9-D2EFF68C8F26}.Release|Any CPU.Build.0 = Release|Any CPU
		{4283DC66-9A93-4EBF-9D9A-EC5C6866604E}.Debug|Any CPU.ActiveCfg = Debug|Any CPU
		{4283DC66-9A93-4EBF-9D9A-EC5C6866604E}.Debug|Any CPU.Build.0 = Debug|Any CPU
		{4283DC66-9A93-4EBF-9D9A-EC5C6866604E}.Release|Any CPU.ActiveCfg = Release|Any CPU
		{4283DC66-9A93-4EBF-9D9A-EC5C6866604E}.Release|Any CPU.Build.0 = Release|Any CPU
		{C7FA023B-0259-47C4-8051-EE7EB639DD39}.Debug|Any CPU.ActiveCfg = Debug|Any CPU
		{C7FA023B-0259-47C4-8051-EE7EB639DD39}.Debug|Any CPU.Build.0 = Debug|Any CPU
		{C7FA023B-0259-47C4-8051-EE7EB639DD39}.Release|Any CPU.ActiveCfg = Release|Any CPU
		{C7FA023B-0259-47C4-8051-EE7EB639DD39}.Release|Any CPU.Build.0 = Release|Any CPU
		{0A5A2807-4D6A-4C1D-B492-9278D9C942C2}.Debug|Any CPU.ActiveCfg = Debug|Any CPU
		{0A5A2807-4D6A-4C1D-B492-9278D9C942C2}.Debug|Any CPU.Build.0 = Debug|Any CPU
		{0A5A2807-4D6A-4C1D-B492-9278D9C942C2}.Release|Any CPU.ActiveCfg = Release|Any CPU
		{0A5A2807-4D6A-4C1D-B492-9278D9C942C2}.Release|Any CPU.Build.0 = Release|Any CPU
		{D7E5589E-E767-47D7-B614-06CC020ED4AC}.Debug|Any CPU.ActiveCfg = Debug|Any CPU
		{D7E5589E-E767-47D7-B614-06CC020ED4AC}.Debug|Any CPU.Build.0 = Debug|Any CPU
		{D7E5589E-E767-47D7-B614-06CC020ED4AC}.Release|Any CPU.ActiveCfg = Release|Any CPU
		{D7E5589E-E767-47D7-B614-06CC020ED4AC}.Release|Any CPU.Build.0 = Release|Any CPU
		{A1CD501C-D498-41C7-91E3-276E2BEEA867}.Debug|Any CPU.ActiveCfg = Debug|Any CPU
		{A1CD501C-D498-41C7-91E3-276E2BEEA867}.Debug|Any CPU.Build.0 = Debug|Any CPU
		{A1CD501C-D498-41C7-91E3-276E2BEEA867}.Release|Any CPU.ActiveCfg = Release|Any CPU
		{A1CD501C-D498-41C7-91E3-276E2BEEA867}.Release|Any CPU.Build.0 = Release|Any CPU
		{7505264F-7E3E-4F8D-A9D5-885B4F313C26}.Debug|Any CPU.ActiveCfg = Debug|Any CPU
		{7505264F-7E3E-4F8D-A9D5-885B4F313C26}.Debug|Any CPU.Build.0 = Debug|Any CPU
		{7505264F-7E3E-4F8D-A9D5-885B4F313C26}.Release|Any CPU.ActiveCfg = Release|Any CPU
		{7505264F-7E3E-4F8D-A9D5-885B4F313C26}.Release|Any CPU.Build.0 = Release|Any CPU
		{05EF5AD0-ABF0-4F97-9C33-C69F0AF8DB51}.Debug|Any CPU.ActiveCfg = Debug|Any CPU
		{05EF5AD0-ABF0-4F97-9C33-C69F0AF8DB51}.Debug|Any CPU.Build.0 = Debug|Any CPU
		{05EF5AD0-ABF0-4F97-9C33-C69F0AF8DB51}.Release|Any CPU.ActiveCfg = Release|Any CPU
		{05EF5AD0-ABF0-4F97-9C33-C69F0AF8DB51}.Release|Any CPU.Build.0 = Release|Any CPU
		{75BDB70A-AEB9-4592-9B5E-677D3D346A54}.Debug|Any CPU.ActiveCfg = Debug|Any CPU
		{75BDB70A-AEB9-4592-9B5E-677D3D346A54}.Debug|Any CPU.Build.0 = Debug|Any CPU
		{75BDB70A-AEB9-4592-9B5E-677D3D346A54}.Release|Any CPU.ActiveCfg = Release|Any CPU
		{75BDB70A-AEB9-4592-9B5E-677D3D346A54}.Release|Any CPU.Build.0 = Release|Any CPU
		{21805958-869E-49F5-A4ED-0AC8599D62F0}.Debug|Any CPU.ActiveCfg = Debug|Any CPU
		{21805958-869E-49F5-A4ED-0AC8599D62F0}.Debug|Any CPU.Build.0 = Debug|Any CPU
		{21805958-869E-49F5-A4ED-0AC8599D62F0}.Release|Any CPU.ActiveCfg = Release|Any CPU
		{21805958-869E-49F5-A4ED-0AC8599D62F0}.Release|Any CPU.Build.0 = Release|Any CPU
		{AB9096A7-89DD-4ABD-B535-A5258863F389}.Debug|Any CPU.ActiveCfg = Debug|Any CPU
		{AB9096A7-89DD-4ABD-B535-A5258863F389}.Debug|Any CPU.Build.0 = Debug|Any CPU
		{AB9096A7-89DD-4ABD-B535-A5258863F389}.Release|Any CPU.ActiveCfg = Release|Any CPU
		{AB9096A7-89DD-4ABD-B535-A5258863F389}.Release|Any CPU.Build.0 = Release|Any CPU
		{548166D9-DF64-46FB-9EEC-212C7B7E7D85}.Debug|Any CPU.ActiveCfg = Debug|Any CPU
		{548166D9-DF64-46FB-9EEC-212C7B7E7D85}.Debug|Any CPU.Build.0 = Debug|Any CPU
		{548166D9-DF64-46FB-9EEC-212C7B7E7D85}.Release|Any CPU.ActiveCfg = Release|Any CPU
		{548166D9-DF64-46FB-9EEC-212C7B7E7D85}.Release|Any CPU.Build.0 = Release|Any CPU
	EndGlobalSection
	GlobalSection(SolutionProperties) = preSolution
		HideSolutionNode = FALSE
	EndGlobalSection
	GlobalSection(NestedProjects) = preSolution
		{5AF10590-5E1C-4052-83C6-95C94B747195} = {A11130E8-4942-432A-97B7-ADEEFB34A977}
		{39E8A390-5304-4447-99E2-3810941824AD} = {A11130E8-4942-432A-97B7-ADEEFB34A977}
		{D78F2066-2CB6-4AE0-ADAC-CF011B5083E8} = {A11130E8-4942-432A-97B7-ADEEFB34A977}
		{AF47B26F-5EB8-4514-AEBF-FDD22244F5B1} = {A11130E8-4942-432A-97B7-ADEEFB34A977}
		{A1525C90-FA00-449D-B3C4-CBA45D5E916C} = {A11130E8-4942-432A-97B7-ADEEFB34A977}
		{71AF5313-7B61-47C0-B7A1-FBEAEB035011} = {5AF10590-5E1C-4052-83C6-95C94B747195}
		{4692ED72-2D05-4DDC-8411-748A9BE61958} = {5AF10590-5E1C-4052-83C6-95C94B747195}
		{20350EA5-0BB8-4233-9C11-90E9A8D3C254} = {5AF10590-5E1C-4052-83C6-95C94B747195}
		{9B913337-1114-4D05-8F24-D05A5FD588AD} = {0D0E64CD-73D1-4C5F-AADA-965464C91A39}
		{71FAD7D8-11F5-444B-B9F9-D2EFF68C8F26} = {0D0E64CD-73D1-4C5F-AADA-965464C91A39}
		{4283DC66-9A93-4EBF-9D9A-EC5C6866604E} = {0D0E64CD-73D1-4C5F-AADA-965464C91A39}
		{C7FA023B-0259-47C4-8051-EE7EB639DD39} = {0D0E64CD-73D1-4C5F-AADA-965464C91A39}
		{0A5A2807-4D6A-4C1D-B492-9278D9C942C2} = {0D0E64CD-73D1-4C5F-AADA-965464C91A39}
		{D7E5589E-E767-47D7-B614-06CC020ED4AC} = {0D0E64CD-73D1-4C5F-AADA-965464C91A39}
		{A1CD501C-D498-41C7-91E3-276E2BEEA867} = {0D0E64CD-73D1-4C5F-AADA-965464C91A39}
		{7505264F-7E3E-4F8D-A9D5-885B4F313C26} = {54E50C1C-BB10-4DDC-86BD-CA29FB91A89E}
		{05EF5AD0-ABF0-4F97-9C33-C69F0AF8DB51} = {54E50C1C-BB10-4DDC-86BD-CA29FB91A89E}
		{75BDB70A-AEB9-4592-9B5E-677D3D346A54} = {54E50C1C-BB10-4DDC-86BD-CA29FB91A89E}
		{21805958-869E-49F5-A4ED-0AC8599D62F0} = {54E50C1C-BB10-4DDC-86BD-CA29FB91A89E}
		{AB9096A7-89DD-4ABD-B535-A5258863F389} = {54E50C1C-BB10-4DDC-86BD-CA29FB91A89E}
		{548166D9-DF64-46FB-9EEC-212C7B7E7D85} = {54E50C1C-BB10-4DDC-86BD-CA29FB91A89E}
	EndGlobalSection
EndGlobal
