
Microsoft Visual Studio Solution File, Format Version 11.00
# Visual Studio 2010
Project("{2150E333-8FDC-42A3-9474-1A3956D46DE8}") = "Silverlight", "Silverlight", "{45AD0514-73DD-4488-ABF6-153592641236}"
EndProject
Project("{FAE04EC0-301F-11D3-BF4B-00C04F79EFBC}") = "GeoAPI.Silverlight", "GeoAPI\GeoAPI.Silverlight\GeoAPI.Silverlight.csproj", "{9B913337-1114-4D05-8F24-D05A5FD588AD}"
EndProject
Project("{FAE04EC0-301F-11D3-BF4B-00C04F79EFBC}") = "ProjNet.Silverlight", "ProjNet.Silverlight\ProjNet.Silverlight.csproj", "{01B70884-C425-405F-B914-938E9122FC27}"
EndProject
Project("{FAE04EC0-301F-11D3-BF4B-00C04F79EFBC}") = "ProjNET", "ProjNet.CoordinateSystems\ProjNET.csproj", "{E028BDD2-55E1-4E5F-BE31-35FAEC8D6428}"
EndProject
Project("{FAE04EC0-301F-11D3-BF4B-00C04F79EFBC}") = "GeoAPI", "GeoAPI\GeoAPI\GeoAPI.csproj", "{FFB69466-79DE-466A-ADA7-5C47C5C5CA3A}"
EndProject
Project("{FAE04EC0-301F-11D3-BF4B-00C04F79EFBC}") = "GeoAPI.WindowsPhone", "GeoAPI\GeoAPI.WindowsPhone\GeoAPI.WindowsPhone.csproj", "{9924F9BF-24A6-4C73-AB60-FAEE784F4327}"
EndProject
Project("{2150E333-8FDC-42A3-9474-1A3956D46DE8}") = "WindowsPhone", "WindowsPhone", "{8F8D6737-30BD-4922-998A-80A42CC8211E}"
EndProject
Project("{FAE04EC0-301F-11D3-BF4B-00C04F79EFBC}") = "ProjNet.WindowsPhone", "ProjNet.WindowsPhone\ProjNet.WindowsPhone.csproj", "{FF4C3028-5848-4053-A5DF-82EDC9E4C0CE}"
EndProject
Project("{2150E333-8FDC-42A3-9474-1A3956D46DE8}") = "MonoDroid", "MonoDroid", "{233607CD-F6A7-40FC-8F31-4A20B3FE6597}"
EndProject
Project("{FAE04EC0-301F-11D3-BF4B-00C04F79EFBC}") = "GeoAPI.MonoDroid", "GeoAPI\GeoAPI.MonoDroid\GeoAPI.MonoDroid.csproj", "{897A3D5B-501C-49BB-9037-793B957C06A0}"
EndProject
Project("{FAE04EC0-301F-11D3-BF4B-00C04F79EFBC}") = "ProjNET.MonoDroid", "ProjNet.MonoDroid\ProjNET.MonoDroid.csproj", "{6779C156-3DE0-4890-AFCB-5C6D9BB3D2E2}"
EndProject
Project("{2150E333-8FDC-42A3-9474-1A3956D46DE8}") = "Solution Items", "Solution Items", "{AC62B826-FD1B-43B9-9E20-696588E560E7}"
EndProject
Project("{FAE04EC0-301F-11D3-BF4B-00C04F79EFBC}") = "ProjNET.Tests", "ProjNet.CoordinateSystems.Tests\ProjNET.Tests.csproj", "{67E8C952-1F48-4DFB-9507-BD44DB6784FD}"
EndProject
Project("{2150E333-8FDC-42A3-9474-1A3956D46DE8}") = ".nuget", ".nuget", "{4C834F16-DD9D-42EA-9CC6-536473856CA7}"
	ProjectSection(SolutionItems) = preProject
		.nuget\NuGet.Config = .nuget\NuGet.Config
		.nuget\NuGet.exe = .nuget\NuGet.exe
		.nuget\NuGet.targets = .nuget\NuGet.targets
	EndProjectSection
EndProject
Global
	GlobalSection(SubversionScc) = preSolution
		Svn-Managed = True
		Manager = AnkhSVN - Subversion Support for Visual Studio
	EndGlobalSection
	GlobalSection(SolutionConfigurationPlatforms) = preSolution
		Debug|Any CPU = Debug|Any CPU
		Release|Any CPU = Release|Any CPU
	EndGlobalSection
	GlobalSection(ProjectConfigurationPlatforms) = postSolution
		{9B913337-1114-4D05-8F24-D05A5FD588AD}.Debug|Any CPU.ActiveCfg = Debug|Any CPU
		{9B913337-1114-4D05-8F24-D05A5FD588AD}.Debug|Any CPU.Build.0 = Debug|Any CPU
		{9B913337-1114-4D05-8F24-D05A5FD588AD}.Release|Any CPU.ActiveCfg = Release|Any CPU
		{9B913337-1114-4D05-8F24-D05A5FD588AD}.Release|Any CPU.Build.0 = Release|Any CPU
		{01B70884-C425-405F-B914-938E9122FC27}.Debug|Any CPU.ActiveCfg = Release|Any CPU
		{01B70884-C425-405F-B914-938E9122FC27}.Debug|Any CPU.Build.0 = Release|Any CPU
		{01B70884-C425-405F-B914-938E9122FC27}.Release|Any CPU.ActiveCfg = Release|Any CPU
		{01B70884-C425-405F-B914-938E9122FC27}.Release|Any CPU.Build.0 = Release|Any CPU
		{E028BDD2-55E1-4E5F-BE31-35FAEC8D6428}.Debug|Any CPU.ActiveCfg = Release|Any CPU
		{E028BDD2-55E1-4E5F-BE31-35FAEC8D6428}.Debug|Any CPU.Build.0 = Release|Any CPU
		{E028BDD2-55E1-4E5F-BE31-35FAEC8D6428}.Release|Any CPU.ActiveCfg = Release|Any CPU
		{E028BDD2-55E1-4E5F-BE31-35FAEC8D6428}.Release|Any CPU.Build.0 = Release|Any CPU
		{FFB69466-79DE-466A-ADA7-5C47C5C5CA3A}.Debug|Any CPU.ActiveCfg = Debug|Any CPU
		{FFB69466-79DE-466A-ADA7-5C47C5C5CA3A}.Debug|Any CPU.Build.0 = Debug|Any CPU
		{FFB69466-79DE-466A-ADA7-5C47C5C5CA3A}.Release|Any CPU.ActiveCfg = Release|Any CPU
		{FFB69466-79DE-466A-ADA7-5C47C5C5CA3A}.Release|Any CPU.Build.0 = Release|Any CPU
		{9924F9BF-24A6-4C73-AB60-FAEE784F4327}.Debug|Any CPU.ActiveCfg = Debug|Any CPU
		{9924F9BF-24A6-4C73-AB60-FAEE784F4327}.Debug|Any CPU.Build.0 = Debug|Any CPU
		{9924F9BF-24A6-4C73-AB60-FAEE784F4327}.Release|Any CPU.ActiveCfg = Release|Any CPU
		{9924F9BF-24A6-4C73-AB60-FAEE784F4327}.Release|Any CPU.Build.0 = Release|Any CPU
		{FF4C3028-5848-4053-A5DF-82EDC9E4C0CE}.Debug|Any CPU.ActiveCfg = Release|Any CPU
		{FF4C3028-5848-4053-A5DF-82EDC9E4C0CE}.Debug|Any CPU.Build.0 = Release|Any CPU
		{FF4C3028-5848-4053-A5DF-82EDC9E4C0CE}.Release|Any CPU.ActiveCfg = Release|Any CPU
		{FF4C3028-5848-4053-A5DF-82EDC9E4C0CE}.Release|Any CPU.Build.0 = Release|Any CPU
		{897A3D5B-501C-49BB-9037-793B957C06A0}.Debug|Any CPU.ActiveCfg = Debug|Any CPU
		{897A3D5B-501C-49BB-9037-793B957C06A0}.Debug|Any CPU.Build.0 = Debug|Any CPU
		{897A3D5B-501C-49BB-9037-793B957C06A0}.Release|Any CPU.ActiveCfg = Release|Any CPU
		{897A3D5B-501C-49BB-9037-793B957C06A0}.Release|Any CPU.Build.0 = Release|Any CPU
		{6779C156-3DE0-4890-AFCB-5C6D9BB3D2E2}.Debug|Any CPU.ActiveCfg = Debug|Any CPU
		{6779C156-3DE0-4890-AFCB-5C6D9BB3D2E2}.Debug|Any CPU.Build.0 = Debug|Any CPU
		{6779C156-3DE0-4890-AFCB-5C6D9BB3D2E2}.Release|Any CPU.ActiveCfg = Release|Any CPU
		{6779C156-3DE0-4890-AFCB-5C6D9BB3D2E2}.Release|Any CPU.Build.0 = Release|Any CPU
		{67E8C952-1F48-4DFB-9507-BD44DB6784FD}.Debug|Any CPU.ActiveCfg = Debug|Any CPU
		{67E8C952-1F48-4DFB-9507-BD44DB6784FD}.Debug|Any CPU.Build.0 = Debug|Any CPU
		{67E8C952-1F48-4DFB-9507-BD44DB6784FD}.Release|Any CPU.ActiveCfg = Release|Any CPU
		{67E8C952-1F48-4DFB-9507-BD44DB6784FD}.Release|Any CPU.Build.0 = Release|Any CPU
	EndGlobalSection
	GlobalSection(SolutionProperties) = preSolution
		HideSolutionNode = FALSE
	EndGlobalSection
	GlobalSection(NestedProjects) = preSolution
		{9B913337-1114-4D05-8F24-D05A5FD588AD} = {45AD0514-73DD-4488-ABF6-153592641236}
		{01B70884-C425-405F-B914-938E9122FC27} = {45AD0514-73DD-4488-ABF6-153592641236}
		{9924F9BF-24A6-4C73-AB60-FAEE784F4327} = {8F8D6737-30BD-4922-998A-80A42CC8211E}
		{FF4C3028-5848-4053-A5DF-82EDC9E4C0CE} = {8F8D6737-30BD-4922-998A-80A42CC8211E}
		{897A3D5B-501C-49BB-9037-793B957C06A0} = {233607CD-F6A7-40FC-8F31-4A20B3FE6597}
		{6779C156-3DE0-4890-AFCB-5C6D9BB3D2E2} = {233607CD-F6A7-40FC-8F31-4A20B3FE6597}
	EndGlobalSection
EndGlobal
